{
  "version": 4,
  "terraform_version": "1.10.4",
  "serial": 9,
  "lineage": "505e44c7-726e-50e0-ebff-7007c4e7a5a8",
  "outputs": {
    "public_sg_rules_ingress": {
      "value": {
        "0": {
          "cidr_blocks": "0.0.0.0/0",
          "dst_sg": "",
          "from_port": 80,
          "protocol": "tcp",
          "rule_type": "ingress",
          "to_port": 80
        },
        "1": {
          "cidr_blocks": "0.0.0.0/0",
          "dst_sg": "",
          "from_port": 443,
          "protocol": "tcp",
          "rule_type": "ingress",
          "to_port": 443
        },
        "2": {
          "cidr_blocks": "",
          "dst_sg": "private_sg",
          "from_port": 230,
          "protocol": "udp",
          "rule_type": "ingress",
          "to_port": 230
        }
      },
      "type": [
        "object",
        {
          "0": [
            "object",
            {
              "cidr_blocks": "string",
              "dst_sg": "string",
              "from_port": "number",
              "protocol": "string",
              "rule_type": "string",
              "to_port": "number"
            }
          ],
          "1": [
            "object",
            {
              "cidr_blocks": "string",
              "dst_sg": "string",
              "from_port": "number",
              "protocol": "string",
              "rule_type": "string",
              "to_port": "number"
            }
          ],
          "2": [
            "object",
            {
              "cidr_blocks": "string",
              "dst_sg": "string",
              "from_port": "number",
              "protocol": "string",
              "rule_type": "string",
              "to_port": "number"
            }
          ]
        }
      ]
    }
  },
  "resources": [
    {
      "mode": "data",
      "type": "aws_eks_cluster",
      "name": "my_cluster",
      "provider": "provider[\"registry.terraform.io/hashicorp/aws\"]",
      "instances": [
        {
          "schema_version": 0,
          "attributes": {
            "access_config": [
              {
                "authentication_mode": "API_AND_CONFIG_MAP",
                "bootstrap_cluster_creator_admin_permissions": true
              }
            ],
            "arn": "arn:aws:eks:us-east-1:226731664760:cluster/med-eks-cluster",
            "certificate_authority": [
              {
                "data": "LS0tLS1CRUdJTiBDRVJUSUZJQ0FURS0tLS0tCk1JSURCVENDQWUyZ0F3SUJBZ0lJU1Y3eXNaS2tYSzh3RFFZSktvWklodmNOQVFFTEJRQXdGVEVUTUJFR0ExVUUKQXhNS2EzVmlaWEp1WlhSbGN6QWVGdzB5TlRBME1qVXdPVEl6TVRkYUZ3MHpOVEEwTWpNd09USTRNVGRhTUJVeApFekFSQmdOVkJBTVRDbXQxWW1WeWJtVjBaWE13Z2dFaU1BMEdDU3FHU0liM0RRRUJBUVVBQTRJQkR3QXdnZ0VLCkFvSUJBUUNzZlUzNTEveWVZeFBCTkQxR2syaWw5UmtoSWYyV05acWtJVmliNVVNWVZzUlNuL1dlYjZQVEdJSkoKVkM3aEZtL3JpcEl1UEpyOFh5SVpPWkRRTGw5UGJ6RDNocXR4eHZ2QzZEQmNHeDlGMVBXVUkzb0NIWjBVRkJUcgorMEp2TkMvKzRSTDlFUTA3ZFQ0MzZmT0h6RTRuRjYyZUx0eGo5bjJ2UURmQlJPcVpsOTN6S3BLMmlHVklZYTMwCk9XMUt5Vi9GcWhNOFhpZGZad0dRSk1qZzc2TzBVQStNSERqcjRaSEd4RWp6Qkk1dWpDTHB2eURWZUh0L3FPOFYKWFR2OUFqcW4yQUpmWURwMVMvakYyTDJPcnlYTktYSm8zRDYxRHpvZXFMM3V6WHpOSkMwbXhmYTYxMFhjVXRPSApyY1hGM3RCZ1NoWHg1OXNHb0c0UUZDMWhyQmdYQWdNQkFBR2pXVEJYTUE0R0ExVWREd0VCL3dRRUF3SUNwREFQCkJnTlZIUk1CQWY4RUJUQURBUUgvTUIwR0ExVWREZ1FXQkJUZTEzcTJHeDZRL1dkV0JDTG1Lb2ljWGI5bW5UQVYKQmdOVkhSRUVEakFNZ2dwcmRXSmxjbTVsZEdWek1BMEdDU3FHU0liM0RRRUJDd1VBQTRJQkFRQUNCTUxVK0hZWgo3S3R5YkhTN210SDhGRHBnVnp5OHpRUEE4UWY3SXNHSGF1b05tMFUxVDBXWkNqb0U5UjhiVVJZQlc3NnNwMXZOCmdJSGFMNjdRUWdoRVVPRnNtR2owSW5PTlVOeUFKSm51L0FaMmRaQTJHdFRxQnJDYnVSZXhxbU9CNnMwNGNTZXQKVldKR1dHNEhlZXQxbHNjTXk0U2VOd2hXTk96aDdLNmdzYS85KzMycnllZHdqWm04ZTlHZzFyc3NsU1NLZU9Cagp5RFg0OFBRckxrQlhidlo1czJJSHRtRi8vaDhJeEhJUUo2N3A2N1V4a290NzFQZmZ1RS9GUTF6TC83UG9BbnFqCko5N0FmcCtzTi9WcC9UbFN2QlU3dnFUS08wVlpuSk9DTjdLdnhyQ043N29LMXVXcmtjQXhUcXNKRzlJNnh6MlMKdVZKL0VtY1BNZmhCCi0tLS0tRU5EIENFUlRJRklDQVRFLS0tLS0K"
              }
            ],
            "cluster_id": null,
            "compute_config": [],
            "created_at": "2025-04-25T09:24:16Z",
            "enabled_cluster_log_types": [],
            "endpoint": "https://E04F75244A22A51B3C50C685646A1032.gr7.us-east-1.eks.amazonaws.com",
            "id": "med-eks-cluster",
            "identity": [
              {
                "oidc": [
                  {
                    "issuer": "https://oidc.eks.us-east-1.amazonaws.com/id/E04F75244A22A51B3C50C685646A1032"
                  }
                ]
              }
            ],
            "kubernetes_network_config": [
              {
                "elastic_load_balancing": [
                  {
                    "enabled": false
                  }
                ],
                "ip_family": "ipv4",
                "service_ipv4_cidr": "172.20.0.0/16",
                "service_ipv6_cidr": ""
              }
            ],
            "name": "med-eks-cluster",
            "outpost_config": [],
            "platform_version": "eks.8",
            "remote_network_config": [],
            "role_arn": "arn:aws:iam::226731664760:role/med-eks-cluster-role-default",
            "status": "ACTIVE",
            "storage_config": [],
            "tags": {},
            "upgrade_policy": [
              {
                "support_type": "EXTENDED"
              }
            ],
            "version": "1.32",
            "vpc_config": [
              {
                "cluster_security_group_id": "sg-07956026458d5beb8",
                "endpoint_private_access": false,
                "endpoint_public_access": true,
                "public_access_cidrs": [
                  "0.0.0.0/0"
                ],
                "security_group_ids": [],
                "subnet_ids": [
                  "subnet-05d5842a30c57e1cf",
                  "subnet-0cb467fe83daec4ad"
                ],
                "vpc_id": "vpc-08dd6caae49471466"
              }
            ],
            "zonal_shift_config": []
          },
          "sensitive_attributes": []
        }
      ]
    },
    {
      "mode": "data",
      "type": "aws_eks_cluster_auth",
      "name": "my_cluster",
      "provider": "provider[\"registry.terraform.io/hashicorp/aws\"]",
      "instances": [
        {
          "schema_version": 0,
          "attributes": {
            "id": "med-eks-cluster",
            "name": "med-eks-cluster",
            "token": "k8s-aws-v1.aHR0cHM6Ly9zdHMudXMtZWFzdC0xLmFtYXpvbmF3cy5jb20vP0FjdGlvbj1HZXRDYWxsZXJJZGVudGl0eSZWZXJzaW9uPTIwMTEtMDYtMTUmWC1BbXotQWxnb3JpdGhtPUFXUzQtSE1BQy1TSEEyNTYmWC1BbXotQ3JlZGVudGlhbD1BS0lBVEpTU0NVVjRONk1WNlE2WCUyRjIwMjUwNDI1JTJGdXMtZWFzdC0xJTJGc3RzJTJGYXdzNF9yZXF1ZXN0JlgtQW16LURhdGU9MjAyNTA0MjVUMDkzMjE0WiZYLUFtei1FeHBpcmVzPTAmWC1BbXotU2lnbmVkSGVhZGVycz1ob3N0JTNCeC1rOHMtYXdzLWlkJlgtQW16LVNpZ25hdHVyZT0yMDk5YzI3NTIzMzQ1M2Y2ZjM2MTVlNjllZWM2NmRlMTgyZDhlOWY2YTcxODFiMzlkOTUzNDM5M2MzMWQ5NGMz"
          },
          "sensitive_attributes": [
            [
              {
                "type": "get_attr",
                "value": "token"
              }
            ]
          ]
        }
      ]
    },
    {
      "mode": "data",
      "type": "aws_iam_group",
      "name": "admins",
      "provider": "provider[\"registry.terraform.io/hashicorp/aws\"]",
      "instances": [
        {
          "schema_version": 0,
          "attributes": {
            "arn": "arn:aws:iam::226731664760:group/admins",
            "group_id": "AGPATJSSCUV4GGPKRI4OI",
            "group_name": "admins",
            "id": "AGPATJSSCUV4GGPKRI4OI",
            "path": "/",
            "users": [
              {
                "arn": "arn:aws:iam::226731664760:user/hamza",
                "path": "/",
                "user_id": "AIDATJSSCUV4FM4X7RAZQ",
                "user_name": "hamza"
              },
              {
                "arn": "arn:aws:iam::226731664760:user/mohamed_amine_ben_ticha",
                "path": "/",
                "user_id": "AIDATJSSCUV4G2SBLVUZU",
                "user_name": "mohamed_amine_ben_ticha"
              },
              {
                "arn": "arn:aws:iam::226731664760:user/karim_arous",
                "path": "/",
                "user_id": "AIDATJSSCUV4IVX2KWHIN",
                "user_name": "karim_arous"
              },
              {
                "arn": "arn:aws:iam::226731664760:user/wassel_sallem",
                "path": "/",
                "user_id": "AIDATJSSCUV4LFA6EOKRO",
                "user_name": "wassel_sallem"
              },
              {
                "arn": "arn:aws:iam::226731664760:user/oussama_nasri",
                "path": "/",
                "user_id": "AIDATJSSCUV4LZ7745SKH",
                "user_name": "oussama_nasri"
              },
              {
                "arn": "arn:aws:iam::226731664760:user/siwar_dahmeni",
                "path": "/",
                "user_id": "AIDATJSSCUV4MM4P6C7CB",
                "user_name": "siwar_dahmeni"
              },
              {
                "arn": "arn:aws:iam::226731664760:user/mouna_bousselmi",
                "path": "/",
                "user_id": "AIDATJSSCUV4ODDSIRG5O",
                "user_name": "mouna_bousselmi"
              }
            ]
          },
          "sensitive_attributes": []
        }
      ]
    },
    {
      "mode": "managed",
      "type": "kubernetes_namespace",
      "name": "cert_manager",
      "provider": "provider[\"registry.terraform.io/hashicorp/kubernetes\"]",
      "instances": [
        {
          "schema_version": 0,
          "attributes": {
            "id": "cert-manager",
            "metadata": [
              {
                "annotations": null,
                "generate_name": "",
                "generation": 0,
                "labels": null,
                "name": "cert-manager",
                "resource_version": "972",
                "uid": "01ee95f9-6692-4b09-876e-8ded76694a3d"
              }
            ],
            "timeouts": null,
            "wait_for_default_service_account": false
          },
          "sensitive_attributes": [],
          "private": "eyJlMmJmYjczMC1lY2FhLTExZTYtOGY4OC0zNDM2M2JjN2M0YzAiOnsiZGVsZXRlIjozMDAwMDAwMDAwMDB9fQ==",
          "dependencies": [
            "data.aws_eks_cluster.my_cluster",
            "data.aws_eks_cluster_auth.my_cluster",
            "data.aws_iam_group.admins",
            "module.iam.aws_iam_role.eks_cluster_role",
            "module.iam.aws_iam_role.eks_node_role",
            "module.iam.aws_iam_role_policy_attachment.ec2_container_registry_read_only",
            "module.iam.aws_iam_role_policy_attachment.eks_cluster_policy",
            "module.iam.aws_iam_role_policy_attachment.eks_cni_policy",
            "module.iam.aws_iam_role_policy_attachment.eks_service_policy",
            "module.iam.aws_iam_role_policy_attachment.eks_worker_node_policy",
            "module.kubernetes.aws_eks_access_entry.devops_access",
            "module.kubernetes.aws_eks_access_policy_association.devops",
            "module.kubernetes.aws_eks_cluster.eks_cluster",
            "module.kubernetes.aws_eks_node_group.eks_node_group",
            "module.network.aws_eip.nat_eip",
            "module.network.aws_internet_gateway.igw",
            "module.network.aws_nat_gateway.nat",
            "module.network.aws_route_table.private",
            "module.network.aws_route_table.public",
            "module.network.aws_route_table_association.private",
            "module.network.aws_route_table_association.public",
            "module.network.aws_security_group.private_sg",
            "module.network.aws_security_group.public_sg",
            "module.network.aws_security_group_rule.private_sg_rules",
            "module.network.aws_security_group_rule.public_sg_rules",
            "module.network.aws_subnet.private",
            "module.network.aws_subnet.public",
            "module.network.aws_vpc.main2"
          ]
        }
      ]
    },
    {
      "mode": "managed",
      "type": "kubernetes_namespace",
      "name": "ingress_nginx",
      "provider": "provider[\"registry.terraform.io/hashicorp/kubernetes\"]",
      "instances": [
        {
          "schema_version": 0,
          "attributes": {
            "id": "ingress-nginx",
            "metadata": [
              {
                "annotations": null,
                "generate_name": "",
                "generation": 0,
                "labels": null,
                "name": "ingress-nginx",
                "resource_version": "971",
                "uid": "1098a187-4cf5-4fcc-9249-bcc7761fe204"
              }
            ],
            "timeouts": null,
            "wait_for_default_service_account": false
          },
          "sensitive_attributes": [],
          "private": "eyJlMmJmYjczMC1lY2FhLTExZTYtOGY4OC0zNDM2M2JjN2M0YzAiOnsiZGVsZXRlIjozMDAwMDAwMDAwMDB9fQ==",
          "dependencies": [
            "data.aws_eks_cluster.my_cluster",
            "data.aws_eks_cluster_auth.my_cluster",
            "data.aws_iam_group.admins",
            "module.iam.aws_iam_role.eks_cluster_role",
            "module.iam.aws_iam_role.eks_node_role",
            "module.iam.aws_iam_role_policy_attachment.ec2_container_registry_read_only",
            "module.iam.aws_iam_role_policy_attachment.eks_cluster_policy",
            "module.iam.aws_iam_role_policy_attachment.eks_cni_policy",
            "module.iam.aws_iam_role_policy_attachment.eks_service_policy",
            "module.iam.aws_iam_role_policy_attachment.eks_worker_node_policy",
            "module.kubernetes.aws_eks_access_entry.devops_access",
            "module.kubernetes.aws_eks_access_policy_association.devops",
            "module.kubernetes.aws_eks_cluster.eks_cluster",
            "module.kubernetes.aws_eks_node_group.eks_node_group",
            "module.network.aws_eip.nat_eip",
            "module.network.aws_internet_gateway.igw",
            "module.network.aws_nat_gateway.nat",
            "module.network.aws_route_table.private",
            "module.network.aws_route_table.public",
            "module.network.aws_route_table_association.private",
            "module.network.aws_route_table_association.public",
            "module.network.aws_security_group.private_sg",
            "module.network.aws_security_group.public_sg",
            "module.network.aws_security_group_rule.private_sg_rules",
            "module.network.aws_security_group_rule.public_sg_rules",
            "module.network.aws_subnet.private",
            "module.network.aws_subnet.public",
            "module.network.aws_vpc.main2"
          ]
        }
      ]
    },
    {
      "module": "module.iam",
      "mode": "managed",
      "type": "aws_iam_role",
      "name": "eks_cluster_role",
      "provider": "provider[\"registry.terraform.io/hashicorp/aws\"]",
      "instances": [
        {
          "schema_version": 0,
          "attributes": {
            "arn": "arn:aws:iam::226731664760:role/med-eks-cluster-role-default",
            "assume_role_policy": "{\"Statement\":[{\"Action\":\"sts:AssumeRole\",\"Effect\":\"Allow\",\"Principal\":{\"Service\":\"eks.amazonaws.com\"}}],\"Version\":\"2012-10-17\"}",
            "create_date": "2025-04-25T09:18:43Z",
            "description": "",
            "force_detach_policies": false,
            "id": "med-eks-cluster-role-default",
            "inline_policy": [],
            "managed_policy_arns": [
              "arn:aws:iam::aws:policy/AmazonEKSClusterPolicy",
              "arn:aws:iam::aws:policy/AmazonEKSServicePolicy"
            ],
            "max_session_duration": 3600,
            "name": "med-eks-cluster-role-default",
            "name_prefix": "",
            "path": "/",
            "permissions_boundary": "",
            "tags": {},
            "tags_all": {},
            "unique_id": "AROATJSSCUV4M2OY3BA6E"
          },
          "sensitive_attributes": [],
          "private": "bnVsbA==",
          "dependencies": [
            "module.network.aws_eip.nat_eip",
            "module.network.aws_internet_gateway.igw",
            "module.network.aws_nat_gateway.nat",
            "module.network.aws_route_table.private",
            "module.network.aws_route_table.public",
            "module.network.aws_route_table_association.private",
            "module.network.aws_route_table_association.public",
            "module.network.aws_security_group.private_sg",
            "module.network.aws_security_group.public_sg",
            "module.network.aws_security_group_rule.private_sg_rules",
            "module.network.aws_security_group_rule.public_sg_rules",
            "module.network.aws_subnet.private",
            "module.network.aws_subnet.public",
            "module.network.aws_vpc.main2"
          ]
        }
      ]
    },
    {
      "module": "module.iam",
      "mode": "managed",
      "type": "aws_iam_role",
      "name": "eks_node_role",
      "provider": "provider[\"registry.terraform.io/hashicorp/aws\"]",
      "instances": [
        {
          "schema_version": 0,
          "attributes": {
            "arn": "arn:aws:iam::226731664760:role/med-eks-node-role-default",
            "assume_role_policy": "{\"Statement\":[{\"Action\":\"sts:AssumeRole\",\"Effect\":\"Allow\",\"Principal\":{\"Service\":\"ec2.amazonaws.com\"}}],\"Version\":\"2012-10-17\"}",
            "create_date": "2025-04-25T09:18:44Z",
            "description": "",
            "force_detach_policies": false,
            "id": "med-eks-node-role-default",
            "inline_policy": [],
            "managed_policy_arns": [
              "arn:aws:iam::aws:policy/AmazonEC2ContainerRegistryReadOnly",
              "arn:aws:iam::aws:policy/AmazonEKSWorkerNodePolicy",
              "arn:aws:iam::aws:policy/AmazonEKS_CNI_Policy"
            ],
            "max_session_duration": 3600,
            "name": "med-eks-node-role-default",
            "name_prefix": "",
            "path": "/",
            "permissions_boundary": "",
            "tags": {},
            "tags_all": {},
            "unique_id": "AROATJSSCUV4PLZ42RRXN"
          },
          "sensitive_attributes": [],
          "private": "bnVsbA==",
          "dependencies": [
            "module.iam.aws_iam_role.eks_cluster_role",
            "module.network.aws_eip.nat_eip",
            "module.network.aws_internet_gateway.igw",
            "module.network.aws_nat_gateway.nat",
            "module.network.aws_route_table.private",
            "module.network.aws_route_table.public",
            "module.network.aws_route_table_association.private",
            "module.network.aws_route_table_association.public",
            "module.network.aws_security_group.private_sg",
            "module.network.aws_security_group.public_sg",
            "module.network.aws_security_group_rule.private_sg_rules",
            "module.network.aws_security_group_rule.public_sg_rules",
            "module.network.aws_subnet.private",
            "module.network.aws_subnet.public",
            "module.network.aws_vpc.main2"
          ]
        }
      ]
    },
    {
      "module": "module.iam",
      "mode": "managed",
      "type": "aws_iam_role_policy_attachment",
      "name": "ec2_container_registry_read_only",
      "provider": "provider[\"registry.terraform.io/hashicorp/aws\"]",
      "instances": [
        {
          "schema_version": 0,
          "attributes": {
            "id": "med-eks-node-role-default-2025042509184549020000000a",
            "policy_arn": "arn:aws:iam::aws:policy/AmazonEC2ContainerRegistryReadOnly",
            "role": "med-eks-node-role-default"
          },
          "sensitive_attributes": [],
          "private": "bnVsbA==",
          "dependencies": [
            "module.iam.aws_iam_role.eks_cluster_role",
            "module.iam.aws_iam_role.eks_node_role",
            "module.network.aws_eip.nat_eip",
            "module.network.aws_internet_gateway.igw",
            "module.network.aws_nat_gateway.nat",
            "module.network.aws_route_table.private",
            "module.network.aws_route_table.public",
            "module.network.aws_route_table_association.private",
            "module.network.aws_route_table_association.public",
            "module.network.aws_security_group.private_sg",
            "module.network.aws_security_group.public_sg",
            "module.network.aws_security_group_rule.private_sg_rules",
            "module.network.aws_security_group_rule.public_sg_rules",
            "module.network.aws_subnet.private",
            "module.network.aws_subnet.public",
            "module.network.aws_vpc.main2"
          ]
        }
      ]
    },
    {
      "module": "module.iam",
      "mode": "managed",
      "type": "aws_iam_role_policy_attachment",
      "name": "eks_cluster_policy",
      "provider": "provider[\"registry.terraform.io/hashicorp/aws\"]",
      "instances": [
        {
          "schema_version": 0,
          "attributes": {
            "id": "med-eks-cluster-role-default-20250425091844636200000007",
            "policy_arn": "arn:aws:iam::aws:policy/AmazonEKSClusterPolicy",
            "role": "med-eks-cluster-role-default"
          },
          "sensitive_attributes": [],
          "private": "bnVsbA==",
          "dependencies": [
            "module.iam.aws_iam_role.eks_cluster_role",
            "module.network.aws_eip.nat_eip",
            "module.network.aws_internet_gateway.igw",
            "module.network.aws_nat_gateway.nat",
            "module.network.aws_route_table.private",
            "module.network.aws_route_table.public",
            "module.network.aws_route_table_association.private",
            "module.network.aws_route_table_association.public",
            "module.network.aws_security_group.private_sg",
            "module.network.aws_security_group.public_sg",
            "module.network.aws_security_group_rule.private_sg_rules",
            "module.network.aws_security_group_rule.public_sg_rules",
            "module.network.aws_subnet.private",
            "module.network.aws_subnet.public",
            "module.network.aws_vpc.main2"
          ]
        }
      ]
    },
    {
      "module": "module.iam",
      "mode": "managed",
      "type": "aws_iam_role_policy_attachment",
      "name": "eks_cni_policy",
      "provider": "provider[\"registry.terraform.io/hashicorp/aws\"]",
      "instances": [
        {
          "schema_version": 0,
          "attributes": {
            "id": "med-eks-node-role-default-20250425091845454800000009",
            "policy_arn": "arn:aws:iam::aws:policy/AmazonEKS_CNI_Policy",
            "role": "med-eks-node-role-default"
          },
          "sensitive_attributes": [],
          "private": "bnVsbA==",
          "dependencies": [
            "module.iam.aws_iam_role.eks_cluster_role",
            "module.iam.aws_iam_role.eks_node_role",
            "module.network.aws_eip.nat_eip",
            "module.network.aws_internet_gateway.igw",
            "module.network.aws_nat_gateway.nat",
            "module.network.aws_route_table.private",
            "module.network.aws_route_table.public",
            "module.network.aws_route_table_association.private",
            "module.network.aws_route_table_association.public",
            "module.network.aws_security_group.private_sg",
            "module.network.aws_security_group.public_sg",
            "module.network.aws_security_group_rule.private_sg_rules",
            "module.network.aws_security_group_rule.public_sg_rules",
            "module.network.aws_subnet.private",
            "module.network.aws_subnet.public",
            "module.network.aws_vpc.main2"
          ]
        }
      ]
    },
    {
      "module": "module.iam",
      "mode": "managed",
      "type": "aws_iam_role_policy_attachment",
      "name": "eks_service_policy",
      "provider": "provider[\"registry.terraform.io/hashicorp/aws\"]",
      "instances": [
        {
          "schema_version": 0,
          "attributes": {
            "id": "med-eks-cluster-role-default-20250425091844372900000006",
            "policy_arn": "arn:aws:iam::aws:policy/AmazonEKSServicePolicy",
            "role": "med-eks-cluster-role-default"
          },
          "sensitive_attributes": [],
          "private": "bnVsbA==",
          "dependencies": [
            "module.iam.aws_iam_role.eks_cluster_role",
            "module.network.aws_eip.nat_eip",
            "module.network.aws_internet_gateway.igw",
            "module.network.aws_nat_gateway.nat",
            "module.network.aws_route_table.private",
            "module.network.aws_route_table.public",
            "module.network.aws_route_table_association.private",
            "module.network.aws_route_table_association.public",
            "module.network.aws_security_group.private_sg",
            "module.network.aws_security_group.public_sg",
            "module.network.aws_security_group_rule.private_sg_rules",
            "module.network.aws_security_group_rule.public_sg_rules",
            "module.network.aws_subnet.private",
            "module.network.aws_subnet.public",
            "module.network.aws_vpc.main2"
          ]
        }
      ]
    },
    {
      "module": "module.iam",
      "mode": "managed",
      "type": "aws_iam_role_policy_attachment",
      "name": "eks_worker_node_policy",
      "provider": "provider[\"registry.terraform.io/hashicorp/aws\"]",
      "instances": [
        {
          "schema_version": 0,
          "attributes": {
            "id": "med-eks-node-role-default-20250425091845415600000008",
            "policy_arn": "arn:aws:iam::aws:policy/AmazonEKSWorkerNodePolicy",
            "role": "med-eks-node-role-default"
          },
          "sensitive_attributes": [],
          "private": "bnVsbA==",
          "dependencies": [
            "module.iam.aws_iam_role.eks_cluster_role",
            "module.iam.aws_iam_role.eks_node_role",
            "module.network.aws_eip.nat_eip",
            "module.network.aws_internet_gateway.igw",
            "module.network.aws_nat_gateway.nat",
            "module.network.aws_route_table.private",
            "module.network.aws_route_table.public",
            "module.network.aws_route_table_association.private",
            "module.network.aws_route_table_association.public",
            "module.network.aws_security_group.private_sg",
            "module.network.aws_security_group.public_sg",
            "module.network.aws_security_group_rule.private_sg_rules",
            "module.network.aws_security_group_rule.public_sg_rules",
            "module.network.aws_subnet.private",
            "module.network.aws_subnet.public",
            "module.network.aws_vpc.main2"
          ]
        }
      ]
    },
    {
      "module": "module.kubernetes",
      "mode": "managed",
      "type": "aws_eks_access_entry",
      "name": "devops_access",
      "provider": "provider[\"registry.terraform.io/hashicorp/aws\"]",
      "instances": [
        {
          "index_key": "0",
          "schema_version": 0,
          "attributes": {
            "access_entry_arn": "arn:aws:eks:us-east-1:226731664760:access-entry/med-eks-cluster/user/226731664760/hamza/92cb3625-23f2-c61f-8e77-b5dd74b38f34",
            "cluster_name": "med-eks-cluster",
            "created_at": "2025-04-25T09:32:11Z",
            "id": "med-eks-cluster:arn:aws:iam::226731664760:user/hamza",
            "kubernetes_groups": [],
            "modified_at": "2025-04-25T09:32:11Z",
            "principal_arn": "arn:aws:iam::226731664760:user/hamza",
            "tags": null,
            "tags_all": {},
            "timeouts": null,
            "type": "STANDARD",
            "user_name": "arn:aws:iam::226731664760:user/hamza"
          },
          "sensitive_attributes": [],
          "private": "eyJlMmJmYjczMC1lY2FhLTExZTYtOGY4OC0zNDM2M2JjN2M0YzAiOnsiY3JlYXRlIjo2MDAwMDAwMDAwMDAsImRlbGV0ZSI6NjAwMDAwMDAwMDAwfX0=",
          "dependencies": [
            "data.aws_iam_group.admins",
            "module.iam.aws_iam_role.eks_cluster_role",
            "module.iam.aws_iam_role.eks_node_role",
            "module.iam.aws_iam_role_policy_attachment.ec2_container_registry_read_only",
            "module.iam.aws_iam_role_policy_attachment.eks_cluster_policy",
            "module.iam.aws_iam_role_policy_attachment.eks_cni_policy",
            "module.iam.aws_iam_role_policy_attachment.eks_service_policy",
            "module.iam.aws_iam_role_policy_attachment.eks_worker_node_policy",
            "module.kubernetes.aws_eks_cluster.eks_cluster",
            "module.kubernetes.aws_eks_node_group.eks_node_group",
            "module.network.aws_eip.nat_eip",
            "module.network.aws_internet_gateway.igw",
            "module.network.aws_nat_gateway.nat",
            "module.network.aws_route_table.private",
            "module.network.aws_route_table.public",
            "module.network.aws_route_table_association.private",
            "module.network.aws_route_table_association.public",
            "module.network.aws_security_group.private_sg",
            "module.network.aws_security_group.public_sg",
            "module.network.aws_security_group_rule.private_sg_rules",
            "module.network.aws_security_group_rule.public_sg_rules",
            "module.network.aws_subnet.private",
            "module.network.aws_subnet.public",
            "module.network.aws_vpc.main2"
          ]
        },
        {
          "index_key": "1",
          "schema_version": 0,
          "attributes": {
            "access_entry_arn": "arn:aws:eks:us-east-1:226731664760:access-entry/med-eks-cluster/user/226731664760/mohamed_amine_ben_ticha/4ccb3625-23f3-acd6-c8c7-6bed3de9c980",
            "cluster_name": "med-eks-cluster",
            "created_at": "2025-04-25T09:32:09Z",
            "id": "med-eks-cluster:arn:aws:iam::226731664760:user/mohamed_amine_ben_ticha",
            "kubernetes_groups": [],
            "modified_at": "2025-04-25T09:32:09Z",
            "principal_arn": "arn:aws:iam::226731664760:user/mohamed_amine_ben_ticha",
            "tags": null,
            "tags_all": {},
            "timeouts": null,
            "type": "STANDARD",
            "user_name": "arn:aws:iam::226731664760:user/mohamed_amine_ben_ticha"
          },
          "sensitive_attributes": [],
          "private": "eyJlMmJmYjczMC1lY2FhLTExZTYtOGY4OC0zNDM2M2JjN2M0YzAiOnsiY3JlYXRlIjo2MDAwMDAwMDAwMDAsImRlbGV0ZSI6NjAwMDAwMDAwMDAwfX0=",
          "dependencies": [
            "data.aws_iam_group.admins",
            "module.iam.aws_iam_role.eks_cluster_role",
            "module.iam.aws_iam_role.eks_node_role",
            "module.iam.aws_iam_role_policy_attachment.ec2_container_registry_read_only",
            "module.iam.aws_iam_role_policy_attachment.eks_cluster_policy",
            "module.iam.aws_iam_role_policy_attachment.eks_cni_policy",
            "module.iam.aws_iam_role_policy_attachment.eks_service_policy",
            "module.iam.aws_iam_role_policy_attachment.eks_worker_node_policy",
            "module.kubernetes.aws_eks_cluster.eks_cluster",
            "module.kubernetes.aws_eks_node_group.eks_node_group",
            "module.network.aws_eip.nat_eip",
            "module.network.aws_internet_gateway.igw",
            "module.network.aws_nat_gateway.nat",
            "module.network.aws_route_table.private",
            "module.network.aws_route_table.public",
            "module.network.aws_route_table_association.private",
            "module.network.aws_route_table_association.public",
            "module.network.aws_security_group.private_sg",
            "module.network.aws_security_group.public_sg",
            "module.network.aws_security_group_rule.private_sg_rules",
            "module.network.aws_security_group_rule.public_sg_rules",
            "module.network.aws_subnet.private",
            "module.network.aws_subnet.public",
            "module.network.aws_vpc.main2"
          ]
        },
        {
          "index_key": "2",
          "schema_version": 0,
          "attributes": {
            "access_entry_arn": "arn:aws:eks:us-east-1:226731664760:access-entry/med-eks-cluster/user/226731664760/karim_arous/f4cb3625-23fc-f19e-e728-9cab04b4e3bb",
            "cluster_name": "med-eks-cluster",
            "created_at": "2025-04-25T09:32:10Z",
            "id": "med-eks-cluster:arn:aws:iam::226731664760:user/karim_arous",
            "kubernetes_groups": [],
            "modified_at": "2025-04-25T09:32:10Z",
            "principal_arn": "arn:aws:iam::226731664760:user/karim_arous",
            "tags": null,
            "tags_all": {},
            "timeouts": null,
            "type": "STANDARD",
            "user_name": "arn:aws:iam::226731664760:user/karim_arous"
          },
          "sensitive_attributes": [],
          "private": "eyJlMmJmYjczMC1lY2FhLTExZTYtOGY4OC0zNDM2M2JjN2M0YzAiOnsiY3JlYXRlIjo2MDAwMDAwMDAwMDAsImRlbGV0ZSI6NjAwMDAwMDAwMDAwfX0=",
          "dependencies": [
            "data.aws_iam_group.admins",
            "module.iam.aws_iam_role.eks_cluster_role",
            "module.iam.aws_iam_role.eks_node_role",
            "module.iam.aws_iam_role_policy_attachment.ec2_container_registry_read_only",
            "module.iam.aws_iam_role_policy_attachment.eks_cluster_policy",
            "module.iam.aws_iam_role_policy_attachment.eks_cni_policy",
            "module.iam.aws_iam_role_policy_attachment.eks_service_policy",
            "module.iam.aws_iam_role_policy_attachment.eks_worker_node_policy",
            "module.kubernetes.aws_eks_cluster.eks_cluster",
            "module.kubernetes.aws_eks_node_group.eks_node_group",
            "module.network.aws_eip.nat_eip",
            "module.network.aws_internet_gateway.igw",
            "module.network.aws_nat_gateway.nat",
            "module.network.aws_route_table.private",
            "module.network.aws_route_table.public",
            "module.network.aws_route_table_association.private",
            "module.network.aws_route_table_association.public",
            "module.network.aws_security_group.private_sg",
            "module.network.aws_security_group.public_sg",
            "module.network.aws_security_group_rule.private_sg_rules",
            "module.network.aws_security_group_rule.public_sg_rules",
            "module.network.aws_subnet.private",
            "module.network.aws_subnet.public",
            "module.network.aws_vpc.main2"
          ]
        },
        {
          "index_key": "3",
          "schema_version": 0,
          "attributes": {
            "access_entry_arn": "arn:aws:eks:us-east-1:226731664760:access-entry/med-eks-cluster/user/226731664760/wassel_sallem/94cb3625-23f6-a57e-4579-dc48a6ae12bc",
            "cluster_name": "med-eks-cluster",
            "created_at": "2025-04-25T09:32:09Z",
            "id": "med-eks-cluster:arn:aws:iam::226731664760:user/wassel_sallem",
            "kubernetes_groups": [],
            "modified_at": "2025-04-25T09:32:09Z",
            "principal_arn": "arn:aws:iam::226731664760:user/wassel_sallem",
            "tags": null,
            "tags_all": {},
            "timeouts": null,
            "type": "STANDARD",
            "user_name": "arn:aws:iam::226731664760:user/wassel_sallem"
          },
          "sensitive_attributes": [],
          "private": "eyJlMmJmYjczMC1lY2FhLTExZTYtOGY4OC0zNDM2M2JjN2M0YzAiOnsiY3JlYXRlIjo2MDAwMDAwMDAwMDAsImRlbGV0ZSI6NjAwMDAwMDAwMDAwfX0=",
          "dependencies": [
            "data.aws_iam_group.admins",
            "module.iam.aws_iam_role.eks_cluster_role",
            "module.iam.aws_iam_role.eks_node_role",
            "module.iam.aws_iam_role_policy_attachment.ec2_container_registry_read_only",
            "module.iam.aws_iam_role_policy_attachment.eks_cluster_policy",
            "module.iam.aws_iam_role_policy_attachment.eks_cni_policy",
            "module.iam.aws_iam_role_policy_attachment.eks_service_policy",
            "module.iam.aws_iam_role_policy_attachment.eks_worker_node_policy",
            "module.kubernetes.aws_eks_cluster.eks_cluster",
            "module.kubernetes.aws_eks_node_group.eks_node_group",
            "module.network.aws_eip.nat_eip",
            "module.network.aws_internet_gateway.igw",
            "module.network.aws_nat_gateway.nat",
            "module.network.aws_route_table.private",
            "module.network.aws_route_table.public",
            "module.network.aws_route_table_association.private",
            "module.network.aws_route_table_association.public",
            "module.network.aws_security_group.private_sg",
            "module.network.aws_security_group.public_sg",
            "module.network.aws_security_group_rule.private_sg_rules",
            "module.network.aws_security_group_rule.public_sg_rules",
            "module.network.aws_subnet.private",
            "module.network.aws_subnet.public",
            "module.network.aws_vpc.main2"
          ]
        },
        {
          "index_key": "4",
          "schema_version": 0,
          "attributes": {
            "access_entry_arn": "arn:aws:eks:us-east-1:226731664760:access-entry/med-eks-cluster/user/226731664760/oussama_nasri/82cb3625-240a-5a66-e8fb-6c30fb4b92ee",
            "cluster_name": "med-eks-cluster",
            "created_at": "2025-04-25T09:32:09Z",
            "id": "med-eks-cluster:arn:aws:iam::226731664760:user/oussama_nasri",
            "kubernetes_groups": [],
            "modified_at": "2025-04-25T09:32:09Z",
            "principal_arn": "arn:aws:iam::226731664760:user/oussama_nasri",
            "tags": null,
            "tags_all": {},
            "timeouts": null,
            "type": "STANDARD",
            "user_name": "arn:aws:iam::226731664760:user/oussama_nasri"
          },
          "sensitive_attributes": [],
          "private": "eyJlMmJmYjczMC1lY2FhLTExZTYtOGY4OC0zNDM2M2JjN2M0YzAiOnsiY3JlYXRlIjo2MDAwMDAwMDAwMDAsImRlbGV0ZSI6NjAwMDAwMDAwMDAwfX0=",
          "dependencies": [
            "data.aws_iam_group.admins",
            "module.iam.aws_iam_role.eks_cluster_role",
            "module.iam.aws_iam_role.eks_node_role",
            "module.iam.aws_iam_role_policy_attachment.ec2_container_registry_read_only",
            "module.iam.aws_iam_role_policy_attachment.eks_cluster_policy",
            "module.iam.aws_iam_role_policy_attachment.eks_cni_policy",
            "module.iam.aws_iam_role_policy_attachment.eks_service_policy",
            "module.iam.aws_iam_role_policy_attachment.eks_worker_node_policy",
            "module.kubernetes.aws_eks_cluster.eks_cluster",
            "module.kubernetes.aws_eks_node_group.eks_node_group",
            "module.network.aws_eip.nat_eip",
            "module.network.aws_internet_gateway.igw",
            "module.network.aws_nat_gateway.nat",
            "module.network.aws_route_table.private",
            "module.network.aws_route_table.public",
            "module.network.aws_route_table_association.private",
            "module.network.aws_route_table_association.public",
            "module.network.aws_security_group.private_sg",
            "module.network.aws_security_group.public_sg",
            "module.network.aws_security_group_rule.private_sg_rules",
            "module.network.aws_security_group_rule.public_sg_rules",
            "module.network.aws_subnet.private",
            "module.network.aws_subnet.public",
            "module.network.aws_vpc.main2"
          ]
        },
        {
          "index_key": "5",
          "schema_version": 0,
          "attributes": {
            "access_entry_arn": "arn:aws:eks:us-east-1:226731664760:access-entry/med-eks-cluster/user/226731664760/siwar_dahmeni/decb3625-2404-42fc-30c9-eb7307a53240",
            "cluster_name": "med-eks-cluster",
            "created_at": "2025-04-25T09:32:11Z",
            "id": "med-eks-cluster:arn:aws:iam::226731664760:user/siwar_dahmeni",
            "kubernetes_groups": [],
            "modified_at": "2025-04-25T09:32:11Z",
            "principal_arn": "arn:aws:iam::226731664760:user/siwar_dahmeni",
            "tags": null,
            "tags_all": {},
            "timeouts": null,
            "type": "STANDARD",
            "user_name": "arn:aws:iam::226731664760:user/siwar_dahmeni"
          },
          "sensitive_attributes": [],
          "private": "eyJlMmJmYjczMC1lY2FhLTExZTYtOGY4OC0zNDM2M2JjN2M0YzAiOnsiY3JlYXRlIjo2MDAwMDAwMDAwMDAsImRlbGV0ZSI6NjAwMDAwMDAwMDAwfX0=",
          "dependencies": [
            "data.aws_iam_group.admins",
            "module.iam.aws_iam_role.eks_cluster_role",
            "module.iam.aws_iam_role.eks_node_role",
            "module.iam.aws_iam_role_policy_attachment.ec2_container_registry_read_only",
            "module.iam.aws_iam_role_policy_attachment.eks_cluster_policy",
            "module.iam.aws_iam_role_policy_attachment.eks_cni_policy",
            "module.iam.aws_iam_role_policy_attachment.eks_service_policy",
            "module.iam.aws_iam_role_policy_attachment.eks_worker_node_policy",
            "module.kubernetes.aws_eks_cluster.eks_cluster",
            "module.kubernetes.aws_eks_node_group.eks_node_group",
            "module.network.aws_eip.nat_eip",
            "module.network.aws_internet_gateway.igw",
            "module.network.aws_nat_gateway.nat",
            "module.network.aws_route_table.private",
            "module.network.aws_route_table.public",
            "module.network.aws_route_table_association.private",
            "module.network.aws_route_table_association.public",
            "module.network.aws_security_group.private_sg",
            "module.network.aws_security_group.public_sg",
            "module.network.aws_security_group_rule.private_sg_rules",
            "module.network.aws_security_group_rule.public_sg_rules",
            "module.network.aws_subnet.private",
            "module.network.aws_subnet.public",
            "module.network.aws_vpc.main2"
          ]
        },
        {
          "index_key": "6",
          "schema_version": 0,
          "attributes": {
            "access_entry_arn": "arn:aws:eks:us-east-1:226731664760:access-entry/med-eks-cluster/user/226731664760/mouna_bousselmi/92cb3625-2400-acf8-4b58-9082b4f479a6",
            "cluster_name": "med-eks-cluster",
            "created_at": "2025-04-25T09:32:10Z",
            "id": "med-eks-cluster:arn:aws:iam::226731664760:user/mouna_bousselmi",
            "kubernetes_groups": [],
            "modified_at": "2025-04-25T09:32:10Z",
            "principal_arn": "arn:aws:iam::226731664760:user/mouna_bousselmi",
            "tags": null,
            "tags_all": {},
            "timeouts": null,
            "type": "STANDARD",
            "user_name": "arn:aws:iam::226731664760:user/mouna_bousselmi"
          },
          "sensitive_attributes": [],
          "private": "eyJlMmJmYjczMC1lY2FhLTExZTYtOGY4OC0zNDM2M2JjN2M0YzAiOnsiY3JlYXRlIjo2MDAwMDAwMDAwMDAsImRlbGV0ZSI6NjAwMDAwMDAwMDAwfX0=",
          "dependencies": [
            "data.aws_iam_group.admins",
            "module.iam.aws_iam_role.eks_cluster_role",
            "module.iam.aws_iam_role.eks_node_role",
            "module.iam.aws_iam_role_policy_attachment.ec2_container_registry_read_only",
            "module.iam.aws_iam_role_policy_attachment.eks_cluster_policy",
            "module.iam.aws_iam_role_policy_attachment.eks_cni_policy",
            "module.iam.aws_iam_role_policy_attachment.eks_service_policy",
            "module.iam.aws_iam_role_policy_attachment.eks_worker_node_policy",
            "module.kubernetes.aws_eks_cluster.eks_cluster",
            "module.kubernetes.aws_eks_node_group.eks_node_group",
            "module.network.aws_eip.nat_eip",
            "module.network.aws_internet_gateway.igw",
            "module.network.aws_nat_gateway.nat",
            "module.network.aws_route_table.private",
            "module.network.aws_route_table.public",
            "module.network.aws_route_table_association.private",
            "module.network.aws_route_table_association.public",
            "module.network.aws_security_group.private_sg",
            "module.network.aws_security_group.public_sg",
            "module.network.aws_security_group_rule.private_sg_rules",
            "module.network.aws_security_group_rule.public_sg_rules",
            "module.network.aws_subnet.private",
            "module.network.aws_subnet.public",
            "module.network.aws_vpc.main2"
          ]
        }
      ]
    },
    {
      "module": "module.kubernetes",
      "mode": "managed",
      "type": "aws_eks_access_policy_association",
      "name": "devops",
      "provider": "provider[\"registry.terraform.io/hashicorp/aws\"]",
      "instances": [
        {
          "index_key": "0",
          "schema_version": 0,
          "attributes": {
            "access_scope": [
              {
                "namespaces": null,
                "type": "cluster"
              }
            ],
            "associated_at": "2025-04-25 09:32:12.8 +0000 UTC",
            "cluster_name": "med-eks-cluster",
            "id": "med-eks-cluster#arn:aws:iam::226731664760:user/hamza#arn:aws:eks::aws:cluster-access-policy/AmazonEKSClusterAdminPolicy",
            "modified_at": "2025-04-25 09:32:12.8 +0000 UTC",
            "policy_arn": "arn:aws:eks::aws:cluster-access-policy/AmazonEKSClusterAdminPolicy",
            "principal_arn": "arn:aws:iam::226731664760:user/hamza",
            "timeouts": null
          },
          "sensitive_attributes": [],
          "private": "eyJlMmJmYjczMC1lY2FhLTExZTYtOGY4OC0zNDM2M2JjN2M0YzAiOnsiY3JlYXRlIjo2MDAwMDAwMDAwMDAsImRlbGV0ZSI6NjAwMDAwMDAwMDAwfX0=",
          "dependencies": [
            "data.aws_iam_group.admins",
            "module.iam.aws_iam_role.eks_cluster_role",
            "module.iam.aws_iam_role.eks_node_role",
            "module.iam.aws_iam_role_policy_attachment.ec2_container_registry_read_only",
            "module.iam.aws_iam_role_policy_attachment.eks_cluster_policy",
            "module.iam.aws_iam_role_policy_attachment.eks_cni_policy",
            "module.iam.aws_iam_role_policy_attachment.eks_service_policy",
            "module.iam.aws_iam_role_policy_attachment.eks_worker_node_policy",
            "module.kubernetes.aws_eks_access_entry.devops_access",
            "module.kubernetes.aws_eks_cluster.eks_cluster",
            "module.kubernetes.aws_eks_node_group.eks_node_group",
            "module.network.aws_eip.nat_eip",
            "module.network.aws_internet_gateway.igw",
            "module.network.aws_nat_gateway.nat",
            "module.network.aws_route_table.private",
            "module.network.aws_route_table.public",
            "module.network.aws_route_table_association.private",
            "module.network.aws_route_table_association.public",
            "module.network.aws_security_group.private_sg",
            "module.network.aws_security_group.public_sg",
            "module.network.aws_security_group_rule.private_sg_rules",
            "module.network.aws_security_group_rule.public_sg_rules",
            "module.network.aws_subnet.private",
            "module.network.aws_subnet.public",
            "module.network.aws_vpc.main2"
          ]
        },
        {
          "index_key": "1",
          "schema_version": 0,
          "attributes": {
            "access_scope": [
              {
                "namespaces": null,
                "type": "cluster"
              }
            ],
            "associated_at": "2025-04-25 09:32:12.462 +0000 UTC",
            "cluster_name": "med-eks-cluster",
            "id": "med-eks-cluster#arn:aws:iam::226731664760:user/mohamed_amine_ben_ticha#arn:aws:eks::aws:cluster-access-policy/AmazonEKSClusterAdminPolicy",
            "modified_at": "2025-04-25 09:32:12.462 +0000 UTC",
            "policy_arn": "arn:aws:eks::aws:cluster-access-policy/AmazonEKSClusterAdminPolicy",
            "principal_arn": "arn:aws:iam::226731664760:user/mohamed_amine_ben_ticha",
            "timeouts": null
          },
          "sensitive_attributes": [],
          "private": "eyJlMmJmYjczMC1lY2FhLTExZTYtOGY4OC0zNDM2M2JjN2M0YzAiOnsiY3JlYXRlIjo2MDAwMDAwMDAwMDAsImRlbGV0ZSI6NjAwMDAwMDAwMDAwfX0=",
          "dependencies": [
            "data.aws_iam_group.admins",
            "module.iam.aws_iam_role.eks_cluster_role",
            "module.iam.aws_iam_role.eks_node_role",
            "module.iam.aws_iam_role_policy_attachment.ec2_container_registry_read_only",
            "module.iam.aws_iam_role_policy_attachment.eks_cluster_policy",
            "module.iam.aws_iam_role_policy_attachment.eks_cni_policy",
            "module.iam.aws_iam_role_policy_attachment.eks_service_policy",
            "module.iam.aws_iam_role_policy_attachment.eks_worker_node_policy",
            "module.kubernetes.aws_eks_access_entry.devops_access",
            "module.kubernetes.aws_eks_cluster.eks_cluster",
            "module.kubernetes.aws_eks_node_group.eks_node_group",
            "module.network.aws_eip.nat_eip",
            "module.network.aws_internet_gateway.igw",
            "module.network.aws_nat_gateway.nat",
            "module.network.aws_route_table.private",
            "module.network.aws_route_table.public",
            "module.network.aws_route_table_association.private",
            "module.network.aws_route_table_association.public",
            "module.network.aws_security_group.private_sg",
            "module.network.aws_security_group.public_sg",
            "module.network.aws_security_group_rule.private_sg_rules",
            "module.network.aws_security_group_rule.public_sg_rules",
            "module.network.aws_subnet.private",
            "module.network.aws_subnet.public",
            "module.network.aws_vpc.main2"
          ]
        },
        {
          "index_key": "2",
          "schema_version": 0,
          "attributes": {
            "access_scope": [
              {
                "namespaces": null,
                "type": "cluster"
              }
            ],
            "associated_at": "2025-04-25 09:32:12.762 +0000 UTC",
            "cluster_name": "med-eks-cluster",
            "id": "med-eks-cluster#arn:aws:iam::226731664760:user/karim_arous#arn:aws:eks::aws:cluster-access-policy/AmazonEKSClusterAdminPolicy",
            "modified_at": "2025-04-25 09:32:12.762 +0000 UTC",
            "policy_arn": "arn:aws:eks::aws:cluster-access-policy/AmazonEKSClusterAdminPolicy",
            "principal_arn": "arn:aws:iam::226731664760:user/karim_arous",
            "timeouts": null
          },
          "sensitive_attributes": [],
          "private": "eyJlMmJmYjczMC1lY2FhLTExZTYtOGY4OC0zNDM2M2JjN2M0YzAiOnsiY3JlYXRlIjo2MDAwMDAwMDAwMDAsImRlbGV0ZSI6NjAwMDAwMDAwMDAwfX0=",
          "dependencies": [
            "data.aws_iam_group.admins",
            "module.iam.aws_iam_role.eks_cluster_role",
            "module.iam.aws_iam_role.eks_node_role",
            "module.iam.aws_iam_role_policy_attachment.ec2_container_registry_read_only",
            "module.iam.aws_iam_role_policy_attachment.eks_cluster_policy",
            "module.iam.aws_iam_role_policy_attachment.eks_cni_policy",
            "module.iam.aws_iam_role_policy_attachment.eks_service_policy",
            "module.iam.aws_iam_role_policy_attachment.eks_worker_node_policy",
            "module.kubernetes.aws_eks_access_entry.devops_access",
            "module.kubernetes.aws_eks_cluster.eks_cluster",
            "module.kubernetes.aws_eks_node_group.eks_node_group",
            "module.network.aws_eip.nat_eip",
            "module.network.aws_internet_gateway.igw",
            "module.network.aws_nat_gateway.nat",
            "module.network.aws_route_table.private",
            "module.network.aws_route_table.public",
            "module.network.aws_route_table_association.private",
            "module.network.aws_route_table_association.public",
            "module.network.aws_security_group.private_sg",
            "module.network.aws_security_group.public_sg",
            "module.network.aws_security_group_rule.private_sg_rules",
            "module.network.aws_security_group_rule.public_sg_rules",
            "module.network.aws_subnet.private",
            "module.network.aws_subnet.public",
            "module.network.aws_vpc.main2"
          ]
        },
        {
          "index_key": "3",
          "schema_version": 0,
          "attributes": {
            "access_scope": [
              {
                "namespaces": null,
                "type": "cluster"
              }
            ],
            "associated_at": "2025-04-25 09:32:14.157 +0000 UTC",
            "cluster_name": "med-eks-cluster",
            "id": "med-eks-cluster#arn:aws:iam::226731664760:user/wassel_sallem#arn:aws:eks::aws:cluster-access-policy/AmazonEKSClusterAdminPolicy",
            "modified_at": "2025-04-25 09:32:14.157 +0000 UTC",
            "policy_arn": "arn:aws:eks::aws:cluster-access-policy/AmazonEKSClusterAdminPolicy",
            "principal_arn": "arn:aws:iam::226731664760:user/wassel_sallem",
            "timeouts": null
          },
          "sensitive_attributes": [],
          "private": "eyJlMmJmYjczMC1lY2FhLTExZTYtOGY4OC0zNDM2M2JjN2M0YzAiOnsiY3JlYXRlIjo2MDAwMDAwMDAwMDAsImRlbGV0ZSI6NjAwMDAwMDAwMDAwfX0=",
          "dependencies": [
            "data.aws_iam_group.admins",
            "module.iam.aws_iam_role.eks_cluster_role",
            "module.iam.aws_iam_role.eks_node_role",
            "module.iam.aws_iam_role_policy_attachment.ec2_container_registry_read_only",
            "module.iam.aws_iam_role_policy_attachment.eks_cluster_policy",
            "module.iam.aws_iam_role_policy_attachment.eks_cni_policy",
            "module.iam.aws_iam_role_policy_attachment.eks_service_policy",
            "module.iam.aws_iam_role_policy_attachment.eks_worker_node_policy",
            "module.kubernetes.aws_eks_access_entry.devops_access",
            "module.kubernetes.aws_eks_cluster.eks_cluster",
            "module.kubernetes.aws_eks_node_group.eks_node_group",
            "module.network.aws_eip.nat_eip",
            "module.network.aws_internet_gateway.igw",
            "module.network.aws_nat_gateway.nat",
            "module.network.aws_route_table.private",
            "module.network.aws_route_table.public",
            "module.network.aws_route_table_association.private",
            "module.network.aws_route_table_association.public",
            "module.network.aws_security_group.private_sg",
            "module.network.aws_security_group.public_sg",
            "module.network.aws_security_group_rule.private_sg_rules",
            "module.network.aws_security_group_rule.public_sg_rules",
            "module.network.aws_subnet.private",
            "module.network.aws_subnet.public",
            "module.network.aws_vpc.main2"
          ]
        },
        {
          "index_key": "4",
          "schema_version": 0,
          "attributes": {
            "access_scope": [
              {
                "namespaces": null,
                "type": "cluster"
              }
            ],
            "associated_at": "2025-04-25 09:32:12.507 +0000 UTC",
            "cluster_name": "med-eks-cluster",
            "id": "med-eks-cluster#arn:aws:iam::226731664760:user/oussama_nasri#arn:aws:eks::aws:cluster-access-policy/AmazonEKSClusterAdminPolicy",
            "modified_at": "2025-04-25 09:32:12.507 +0000 UTC",
            "policy_arn": "arn:aws:eks::aws:cluster-access-policy/AmazonEKSClusterAdminPolicy",
            "principal_arn": "arn:aws:iam::226731664760:user/oussama_nasri",
            "timeouts": null
          },
          "sensitive_attributes": [],
          "private": "eyJlMmJmYjczMC1lY2FhLTExZTYtOGY4OC0zNDM2M2JjN2M0YzAiOnsiY3JlYXRlIjo2MDAwMDAwMDAwMDAsImRlbGV0ZSI6NjAwMDAwMDAwMDAwfX0=",
          "dependencies": [
            "data.aws_iam_group.admins",
            "module.iam.aws_iam_role.eks_cluster_role",
            "module.iam.aws_iam_role.eks_node_role",
            "module.iam.aws_iam_role_policy_attachment.ec2_container_registry_read_only",
            "module.iam.aws_iam_role_policy_attachment.eks_cluster_policy",
            "module.iam.aws_iam_role_policy_attachment.eks_cni_policy",
            "module.iam.aws_iam_role_policy_attachment.eks_service_policy",
            "module.iam.aws_iam_role_policy_attachment.eks_worker_node_policy",
            "module.kubernetes.aws_eks_access_entry.devops_access",
            "module.kubernetes.aws_eks_cluster.eks_cluster",
            "module.kubernetes.aws_eks_node_group.eks_node_group",
            "module.network.aws_eip.nat_eip",
            "module.network.aws_internet_gateway.igw",
            "module.network.aws_nat_gateway.nat",
            "module.network.aws_route_table.private",
            "module.network.aws_route_table.public",
            "module.network.aws_route_table_association.private",
            "module.network.aws_route_table_association.public",
            "module.network.aws_security_group.private_sg",
            "module.network.aws_security_group.public_sg",
            "module.network.aws_security_group_rule.private_sg_rules",
            "module.network.aws_security_group_rule.public_sg_rules",
            "module.network.aws_subnet.private",
            "module.network.aws_subnet.public",
            "module.network.aws_vpc.main2"
          ]
        },
        {
          "index_key": "5",
          "schema_version": 0,
          "attributes": {
            "access_scope": [
              {
                "namespaces": null,
                "type": "cluster"
              }
            ],
            "associated_at": "2025-04-25 09:32:12.538 +0000 UTC",
            "cluster_name": "med-eks-cluster",
            "id": "med-eks-cluster#arn:aws:iam::226731664760:user/siwar_dahmeni#arn:aws:eks::aws:cluster-access-policy/AmazonEKSClusterAdminPolicy",
            "modified_at": "2025-04-25 09:32:12.538 +0000 UTC",
            "policy_arn": "arn:aws:eks::aws:cluster-access-policy/AmazonEKSClusterAdminPolicy",
            "principal_arn": "arn:aws:iam::226731664760:user/siwar_dahmeni",
            "timeouts": null
          },
          "sensitive_attributes": [],
          "private": "eyJlMmJmYjczMC1lY2FhLTExZTYtOGY4OC0zNDM2M2JjN2M0YzAiOnsiY3JlYXRlIjo2MDAwMDAwMDAwMDAsImRlbGV0ZSI6NjAwMDAwMDAwMDAwfX0=",
          "dependencies": [
            "data.aws_iam_group.admins",
            "module.iam.aws_iam_role.eks_cluster_role",
            "module.iam.aws_iam_role.eks_node_role",
            "module.iam.aws_iam_role_policy_attachment.ec2_container_registry_read_only",
            "module.iam.aws_iam_role_policy_attachment.eks_cluster_policy",
            "module.iam.aws_iam_role_policy_attachment.eks_cni_policy",
            "module.iam.aws_iam_role_policy_attachment.eks_service_policy",
            "module.iam.aws_iam_role_policy_attachment.eks_worker_node_policy",
            "module.kubernetes.aws_eks_access_entry.devops_access",
            "module.kubernetes.aws_eks_cluster.eks_cluster",
            "module.kubernetes.aws_eks_node_group.eks_node_group",
            "module.network.aws_eip.nat_eip",
            "module.network.aws_internet_gateway.igw",
            "module.network.aws_nat_gateway.nat",
            "module.network.aws_route_table.private",
            "module.network.aws_route_table.public",
            "module.network.aws_route_table_association.private",
            "module.network.aws_route_table_association.public",
            "module.network.aws_security_group.private_sg",
            "module.network.aws_security_group.public_sg",
            "module.network.aws_security_group_rule.private_sg_rules",
            "module.network.aws_security_group_rule.public_sg_rules",
            "module.network.aws_subnet.private",
            "module.network.aws_subnet.public",
            "module.network.aws_vpc.main2"
          ]
        },
        {
          "index_key": "6",
          "schema_version": 0,
          "attributes": {
            "access_scope": [
              {
                "namespaces": null,
                "type": "cluster"
              }
            ],
            "associated_at": "2025-04-25 09:32:13.335 +0000 UTC",
            "cluster_name": "med-eks-cluster",
            "id": "med-eks-cluster#arn:aws:iam::226731664760:user/mouna_bousselmi#arn:aws:eks::aws:cluster-access-policy/AmazonEKSClusterAdminPolicy",
            "modified_at": "2025-04-25 09:32:13.335 +0000 UTC",
            "policy_arn": "arn:aws:eks::aws:cluster-access-policy/AmazonEKSClusterAdminPolicy",
            "principal_arn": "arn:aws:iam::226731664760:user/mouna_bousselmi",
            "timeouts": null
          },
          "sensitive_attributes": [],
          "private": "eyJlMmJmYjczMC1lY2FhLTExZTYtOGY4OC0zNDM2M2JjN2M0YzAiOnsiY3JlYXRlIjo2MDAwMDAwMDAwMDAsImRlbGV0ZSI6NjAwMDAwMDAwMDAwfX0=",
          "dependencies": [
            "data.aws_iam_group.admins",
            "module.iam.aws_iam_role.eks_cluster_role",
            "module.iam.aws_iam_role.eks_node_role",
            "module.iam.aws_iam_role_policy_attachment.ec2_container_registry_read_only",
            "module.iam.aws_iam_role_policy_attachment.eks_cluster_policy",
            "module.iam.aws_iam_role_policy_attachment.eks_cni_policy",
            "module.iam.aws_iam_role_policy_attachment.eks_service_policy",
            "module.iam.aws_iam_role_policy_attachment.eks_worker_node_policy",
            "module.kubernetes.aws_eks_access_entry.devops_access",
            "module.kubernetes.aws_eks_cluster.eks_cluster",
            "module.kubernetes.aws_eks_node_group.eks_node_group",
            "module.network.aws_eip.nat_eip",
            "module.network.aws_internet_gateway.igw",
            "module.network.aws_nat_gateway.nat",
            "module.network.aws_route_table.private",
            "module.network.aws_route_table.public",
            "module.network.aws_route_table_association.private",
            "module.network.aws_route_table_association.public",
            "module.network.aws_security_group.private_sg",
            "module.network.aws_security_group.public_sg",
            "module.network.aws_security_group_rule.private_sg_rules",
            "module.network.aws_security_group_rule.public_sg_rules",
            "module.network.aws_subnet.private",
            "module.network.aws_subnet.public",
            "module.network.aws_vpc.main2"
          ]
        }
      ]
    },
    {
      "module": "module.kubernetes",
      "mode": "managed",
      "type": "aws_eks_cluster",
      "name": "eks_cluster",
      "provider": "provider[\"registry.terraform.io/hashicorp/aws\"]",
      "instances": [
        {
          "schema_version": 1,
          "attributes": {
            "access_config": [
              {
                "authentication_mode": "API_AND_CONFIG_MAP",
                "bootstrap_cluster_creator_admin_permissions": false
              }
            ],
            "arn": "arn:aws:eks:us-east-1:226731664760:cluster/med-eks-cluster",
            "bootstrap_self_managed_addons": true,
            "certificate_authority": [
              {
                "data": "LS0tLS1CRUdJTiBDRVJUSUZJQ0FURS0tLS0tCk1JSURCVENDQWUyZ0F3SUJBZ0lJU1Y3eXNaS2tYSzh3RFFZSktvWklodmNOQVFFTEJRQXdGVEVUTUJFR0ExVUUKQXhNS2EzVmlaWEp1WlhSbGN6QWVGdzB5TlRBME1qVXdPVEl6TVRkYUZ3MHpOVEEwTWpNd09USTRNVGRhTUJVeApFekFSQmdOVkJBTVRDbXQxWW1WeWJtVjBaWE13Z2dFaU1BMEdDU3FHU0liM0RRRUJBUVVBQTRJQkR3QXdnZ0VLCkFvSUJBUUNzZlUzNTEveWVZeFBCTkQxR2syaWw5UmtoSWYyV05acWtJVmliNVVNWVZzUlNuL1dlYjZQVEdJSkoKVkM3aEZtL3JpcEl1UEpyOFh5SVpPWkRRTGw5UGJ6RDNocXR4eHZ2QzZEQmNHeDlGMVBXVUkzb0NIWjBVRkJUcgorMEp2TkMvKzRSTDlFUTA3ZFQ0MzZmT0h6RTRuRjYyZUx0eGo5bjJ2UURmQlJPcVpsOTN6S3BLMmlHVklZYTMwCk9XMUt5Vi9GcWhNOFhpZGZad0dRSk1qZzc2TzBVQStNSERqcjRaSEd4RWp6Qkk1dWpDTHB2eURWZUh0L3FPOFYKWFR2OUFqcW4yQUpmWURwMVMvakYyTDJPcnlYTktYSm8zRDYxRHpvZXFMM3V6WHpOSkMwbXhmYTYxMFhjVXRPSApyY1hGM3RCZ1NoWHg1OXNHb0c0UUZDMWhyQmdYQWdNQkFBR2pXVEJYTUE0R0ExVWREd0VCL3dRRUF3SUNwREFQCkJnTlZIUk1CQWY4RUJUQURBUUgvTUIwR0ExVWREZ1FXQkJUZTEzcTJHeDZRL1dkV0JDTG1Lb2ljWGI5bW5UQVYKQmdOVkhSRUVEakFNZ2dwcmRXSmxjbTVsZEdWek1BMEdDU3FHU0liM0RRRUJDd1VBQTRJQkFRQUNCTUxVK0hZWgo3S3R5YkhTN210SDhGRHBnVnp5OHpRUEE4UWY3SXNHSGF1b05tMFUxVDBXWkNqb0U5UjhiVVJZQlc3NnNwMXZOCmdJSGFMNjdRUWdoRVVPRnNtR2owSW5PTlVOeUFKSm51L0FaMmRaQTJHdFRxQnJDYnVSZXhxbU9CNnMwNGNTZXQKVldKR1dHNEhlZXQxbHNjTXk0U2VOd2hXTk96aDdLNmdzYS85KzMycnllZHdqWm04ZTlHZzFyc3NsU1NLZU9Cagp5RFg0OFBRckxrQlhidlo1czJJSHRtRi8vaDhJeEhJUUo2N3A2N1V4a290NzFQZmZ1RS9GUTF6TC83UG9BbnFqCko5N0FmcCtzTi9WcC9UbFN2QlU3dnFUS08wVlpuSk9DTjdLdnhyQ043N29LMXVXcmtjQXhUcXNKRzlJNnh6MlMKdVZKL0VtY1BNZmhCCi0tLS0tRU5EIENFUlRJRklDQVRFLS0tLS0K"
              }
            ],
            "cluster_id": null,
            "compute_config": [],
            "created_at": "2025-04-25T09:24:16Z",
            "enabled_cluster_log_types": null,
            "encryption_config": [],
            "endpoint": "https://E04F75244A22A51B3C50C685646A1032.gr7.us-east-1.eks.amazonaws.com",
            "force_update_version": null,
            "id": "med-eks-cluster",
            "identity": [
              {
                "oidc": [
                  {
                    "issuer": "https://oidc.eks.us-east-1.amazonaws.com/id/E04F75244A22A51B3C50C685646A1032"
                  }
                ]
              }
            ],
            "kubernetes_network_config": [
              {
                "elastic_load_balancing": [
                  {
                    "enabled": false
                  }
                ],
                "ip_family": "ipv4",
                "service_ipv4_cidr": "172.20.0.0/16",
                "service_ipv6_cidr": ""
              }
            ],
            "name": "med-eks-cluster",
            "outpost_config": [],
            "platform_version": "eks.8",
            "remote_network_config": [],
            "role_arn": "arn:aws:iam::226731664760:role/med-eks-cluster-role-default",
            "status": "ACTIVE",
            "storage_config": [],
            "tags": null,
            "tags_all": {},
            "timeouts": null,
            "upgrade_policy": [
              {
                "support_type": "EXTENDED"
              }
            ],
            "version": "1.32",
            "vpc_config": [
              {
                "cluster_security_group_id": "sg-07956026458d5beb8",
                "endpoint_private_access": false,
                "endpoint_public_access": true,
                "public_access_cidrs": [
                  "0.0.0.0/0"
                ],
                "security_group_ids": null,
                "subnet_ids": [
                  "subnet-05d5842a30c57e1cf",
                  "subnet-0cb467fe83daec4ad"
                ],
                "vpc_id": "vpc-08dd6caae49471466"
              }
            ],
            "zonal_shift_config": []
          },
          "sensitive_attributes": [],
          "private": "eyJlMmJmYjczMC1lY2FhLTExZTYtOGY4OC0zNDM2M2JjN2M0YzAiOnsiY3JlYXRlIjoxODAwMDAwMDAwMDAwLCJkZWxldGUiOjkwMDAwMDAwMDAwMCwidXBkYXRlIjozNjAwMDAwMDAwMDAwfSwic2NoZW1hX3ZlcnNpb24iOiIxIn0=",
          "dependencies": [
            "module.iam.aws_iam_role.eks_cluster_role",
            "module.iam.aws_iam_role.eks_node_role",
            "module.iam.aws_iam_role_policy_attachment.ec2_container_registry_read_only",
            "module.iam.aws_iam_role_policy_attachment.eks_cluster_policy",
            "module.iam.aws_iam_role_policy_attachment.eks_cni_policy",
            "module.iam.aws_iam_role_policy_attachment.eks_service_policy",
            "module.iam.aws_iam_role_policy_attachment.eks_worker_node_policy",
            "module.network.aws_eip.nat_eip",
            "module.network.aws_internet_gateway.igw",
            "module.network.aws_nat_gateway.nat",
            "module.network.aws_route_table.private",
            "module.network.aws_route_table.public",
            "module.network.aws_route_table_association.private",
            "module.network.aws_route_table_association.public",
            "module.network.aws_security_group.private_sg",
            "module.network.aws_security_group.public_sg",
            "module.network.aws_security_group_rule.private_sg_rules",
            "module.network.aws_security_group_rule.public_sg_rules",
            "module.network.aws_subnet.private",
            "module.network.aws_subnet.public",
            "module.network.aws_vpc.main2"
          ]
        }
      ]
    },
    {
      "module": "module.kubernetes",
      "mode": "managed",
      "type": "aws_eks_node_group",
      "name": "eks_node_group",
      "provider": "provider[\"registry.terraform.io/hashicorp/aws\"]",
      "instances": [
        {
          "schema_version": 0,
          "attributes": {
            "ami_type": "AL2023_x86_64_STANDARD",
            "arn": "arn:aws:eks:us-east-1:226731664760:nodegroup/med-eks-cluster/spot-node-group/94cb3624-4d8b-4aef-d077-1df0e37198be",
            "capacity_type": "SPOT",
            "cluster_name": "med-eks-cluster",
            "disk_size": 20,
            "force_update_version": null,
            "id": "med-eks-cluster:spot-node-group",
            "instance_types": [
              "t2.medium",
              "t3.medium"
            ],
            "labels": null,
            "launch_template": [],
            "node_group_name": "spot-node-group",
            "node_group_name_prefix": "",
            "node_repair_config": [],
            "node_role_arn": "arn:aws:iam::226731664760:role/med-eks-node-role-default",
            "release_version": "1.32.1-20250419",
            "remote_access": [],
            "resources": [
              {
                "autoscaling_groups": [
                  {
                    "name": "eks-spot-node-group-94cb3624-4d8b-4aef-d077-1df0e37198be"
                  }
                ],
                "remote_access_security_group_id": ""
              }
            ],
            "scaling_config": [
              {
                "desired_size": 1,
                "max_size": 3,
                "min_size": 1
              }
            ],
            "status": "ACTIVE",
            "subnet_ids": [
              "subnet-05d5842a30c57e1cf",
              "subnet-0cb467fe83daec4ad"
            ],
            "tags": {
              "Name": "eks-spot-node-group"
            },
            "tags_all": {
              "Name": "eks-spot-node-group"
            },
            "taint": [],
            "timeouts": null,
            "update_config": [
              {
                "max_unavailable": 1,
                "max_unavailable_percentage": 0
              }
            ],
            "version": "1.32"
          },
          "sensitive_attributes": [],
          "private": "eyJlMmJmYjczMC1lY2FhLTExZTYtOGY4OC0zNDM2M2JjN2M0YzAiOnsiY3JlYXRlIjozNjAwMDAwMDAwMDAwLCJkZWxldGUiOjM2MDAwMDAwMDAwMDAsInVwZGF0ZSI6MzYwMDAwMDAwMDAwMH19",
          "dependencies": [
            "module.iam.aws_iam_role.eks_cluster_role",
            "module.iam.aws_iam_role.eks_node_role",
            "module.iam.aws_iam_role_policy_attachment.ec2_container_registry_read_only",
            "module.iam.aws_iam_role_policy_attachment.eks_cluster_policy",
            "module.iam.aws_iam_role_policy_attachment.eks_cni_policy",
            "module.iam.aws_iam_role_policy_attachment.eks_service_policy",
            "module.iam.aws_iam_role_policy_attachment.eks_worker_node_policy",
            "module.kubernetes.aws_eks_cluster.eks_cluster",
            "module.network.aws_eip.nat_eip",
            "module.network.aws_internet_gateway.igw",
            "module.network.aws_nat_gateway.nat",
            "module.network.aws_route_table.private",
            "module.network.aws_route_table.public",
            "module.network.aws_route_table_association.private",
            "module.network.aws_route_table_association.public",
            "module.network.aws_security_group.private_sg",
            "module.network.aws_security_group.public_sg",
            "module.network.aws_security_group_rule.private_sg_rules",
            "module.network.aws_security_group_rule.public_sg_rules",
            "module.network.aws_subnet.private",
            "module.network.aws_subnet.public",
            "module.network.aws_vpc.main2"
          ]
        }
      ]
    },
    {
      "module": "module.network",
      "mode": "managed",
      "type": "aws_eip",
      "name": "nat_eip",
      "provider": "provider[\"registry.terraform.io/hashicorp/aws\"]",
      "instances": [
        {
          "index_key": 0,
          "schema_version": 0,
          "attributes": {
            "address": null,
            "allocation_id": "eipalloc-05cb8bcdceea47873",
            "arn": "arn:aws:ec2:us-east-1:226731664760:elastic-ip/eipalloc-05cb8bcdceea47873",
            "associate_with_private_ip": null,
            "association_id": "eipassoc-01589659de471238f",
            "carrier_ip": "",
            "customer_owned_ip": "",
            "customer_owned_ipv4_pool": "",
            "domain": "vpc",
            "id": "eipalloc-05cb8bcdceea47873",
            "instance": "",
            "ipam_pool_id": null,
            "network_border_group": "us-east-1",
            "network_interface": "eni-0fa5b7ae4c0750d9b",
            "private_dns": "ip-10-0-1-175.ec2.internal",
            "private_ip": "10.0.1.175",
            "ptr_record": "",
            "public_dns": "ec2-100-28-109-124.compute-1.amazonaws.com",
            "public_ip": "100.28.109.124",
            "public_ipv4_pool": "amazon",
            "tags": {
              "Name": "med-nat-eip-0-default"
            },
            "tags_all": {
              "Name": "med-nat-eip-0-default"
            },
            "timeouts": null,
            "vpc": true
          },
          "sensitive_attributes": [],
          "private": "eyJlMmJmYjczMC1lY2FhLTExZTYtOGY4OC0zNDM2M2JjN2M0YzAiOnsiZGVsZXRlIjoxODAwMDAwMDAwMDAsInJlYWQiOjkwMDAwMDAwMDAwMCwidXBkYXRlIjozMDAwMDAwMDAwMDB9fQ==",
          "dependencies": [
            "module.network.aws_internet_gateway.igw",
            "module.network.aws_vpc.main2"
          ]
        },
        {
          "index_key": 1,
          "schema_version": 0,
          "attributes": {
            "address": null,
            "allocation_id": "eipalloc-08496ea8a3b3d7c25",
            "arn": "arn:aws:ec2:us-east-1:226731664760:elastic-ip/eipalloc-08496ea8a3b3d7c25",
            "associate_with_private_ip": null,
            "association_id": "eipassoc-03f88e9a76db479cf",
            "carrier_ip": "",
            "customer_owned_ip": "",
            "customer_owned_ipv4_pool": "",
            "domain": "vpc",
            "id": "eipalloc-08496ea8a3b3d7c25",
            "instance": "",
            "ipam_pool_id": null,
            "network_border_group": "us-east-1",
            "network_interface": "eni-031d799dc23fd9537",
            "private_dns": "ip-10-0-2-44.ec2.internal",
            "private_ip": "10.0.2.44",
            "ptr_record": "",
            "public_dns": "ec2-52-207-118-120.compute-1.amazonaws.com",
            "public_ip": "52.207.118.120",
            "public_ipv4_pool": "amazon",
            "tags": {
              "Name": "med-nat-eip-1-default"
            },
            "tags_all": {
              "Name": "med-nat-eip-1-default"
            },
            "timeouts": null,
            "vpc": true
          },
          "sensitive_attributes": [],
          "private": "eyJlMmJmYjczMC1lY2FhLTExZTYtOGY4OC0zNDM2M2JjN2M0YzAiOnsiZGVsZXRlIjoxODAwMDAwMDAwMDAsInJlYWQiOjkwMDAwMDAwMDAwMCwidXBkYXRlIjozMDAwMDAwMDAwMDB9fQ==",
          "dependencies": [
            "module.network.aws_internet_gateway.igw",
            "module.network.aws_vpc.main2"
          ]
        }
      ]
    },
    {
      "module": "module.network",
      "mode": "managed",
      "type": "aws_internet_gateway",
      "name": "igw",
      "provider": "provider[\"registry.terraform.io/hashicorp/aws\"]",
      "instances": [
        {
          "schema_version": 0,
          "attributes": {
            "arn": "arn:aws:ec2:us-east-1:226731664760:internet-gateway/igw-0b7c69cae12b06fc1",
            "id": "igw-0b7c69cae12b06fc1",
            "owner_id": "226731664760",
            "tags": {
              "Name": "med-igw-default"
            },
            "tags_all": {
              "Name": "med-igw-default"
            },
            "timeouts": null,
            "vpc_id": "vpc-08dd6caae49471466"
          },
          "sensitive_attributes": [],
          "private": "eyJlMmJmYjczMC1lY2FhLTExZTYtOGY4OC0zNDM2M2JjN2M0YzAiOnsiY3JlYXRlIjoxMjAwMDAwMDAwMDAwLCJkZWxldGUiOjEyMDAwMDAwMDAwMDAsInVwZGF0ZSI6MTIwMDAwMDAwMDAwMH19",
          "dependencies": [
            "module.network.aws_vpc.main2"
          ]
        }
      ]
    },
    {
      "module": "module.network",
      "mode": "managed",
      "type": "aws_nat_gateway",
      "name": "nat",
      "provider": "provider[\"registry.terraform.io/hashicorp/aws\"]",
      "instances": [
        {
          "index_key": 0,
          "schema_version": 0,
          "attributes": {
            "allocation_id": "eipalloc-05cb8bcdceea47873",
            "association_id": "eipassoc-01589659de471238f",
            "connectivity_type": "public",
            "id": "nat-037ece09fdcc4e3bd",
            "network_interface_id": "eni-0fa5b7ae4c0750d9b",
            "private_ip": "10.0.1.175",
            "public_ip": "100.28.109.124",
            "secondary_allocation_ids": [],
            "secondary_private_ip_address_count": 0,
            "secondary_private_ip_addresses": [],
            "subnet_id": "subnet-00f43d4baed7bd8e6",
            "tags": {
              "Name": "med-nat-gateway-0-default"
            },
            "tags_all": {
              "Name": "med-nat-gateway-0-default"
            },
            "timeouts": null
          },
          "sensitive_attributes": [],
          "private": "eyJlMmJmYjczMC1lY2FhLTExZTYtOGY4OC0zNDM2M2JjN2M0YzAiOnsiY3JlYXRlIjo2MDAwMDAwMDAwMDAsImRlbGV0ZSI6MTgwMDAwMDAwMDAwMCwidXBkYXRlIjo2MDAwMDAwMDAwMDB9fQ==",
          "dependencies": [
            "module.network.aws_eip.nat_eip",
            "module.network.aws_internet_gateway.igw",
            "module.network.aws_subnet.public",
            "module.network.aws_vpc.main2"
          ]
        },
        {
          "index_key": 1,
          "schema_version": 0,
          "attributes": {
            "allocation_id": "eipalloc-08496ea8a3b3d7c25",
            "association_id": "eipassoc-03f88e9a76db479cf",
            "connectivity_type": "public",
            "id": "nat-073e5d304c38bb198",
            "network_interface_id": "eni-031d799dc23fd9537",
            "private_ip": "10.0.2.44",
            "public_ip": "52.207.118.120",
            "secondary_allocation_ids": [],
            "secondary_private_ip_address_count": 0,
            "secondary_private_ip_addresses": [],
            "subnet_id": "subnet-0ce26f76c7d79e960",
            "tags": {
              "Name": "med-nat-gateway-1-default"
            },
            "tags_all": {
              "Name": "med-nat-gateway-1-default"
            },
            "timeouts": null
          },
          "sensitive_attributes": [],
          "private": "eyJlMmJmYjczMC1lY2FhLTExZTYtOGY4OC0zNDM2M2JjN2M0YzAiOnsiY3JlYXRlIjo2MDAwMDAwMDAwMDAsImRlbGV0ZSI6MTgwMDAwMDAwMDAwMCwidXBkYXRlIjo2MDAwMDAwMDAwMDB9fQ==",
          "dependencies": [
            "module.network.aws_eip.nat_eip",
            "module.network.aws_internet_gateway.igw",
            "module.network.aws_subnet.public",
            "module.network.aws_vpc.main2"
          ]
        }
      ]
    },
    {
      "module": "module.network",
      "mode": "managed",
      "type": "aws_route_table",
      "name": "private",
      "provider": "provider[\"registry.terraform.io/hashicorp/aws\"]",
      "instances": [
        {
          "index_key": 0,
          "schema_version": 0,
          "attributes": {
            "arn": "arn:aws:ec2:us-east-1:226731664760:route-table/rtb-0540ee22f6e20b147",
            "id": "rtb-0540ee22f6e20b147",
            "owner_id": "226731664760",
            "propagating_vgws": [],
            "route": [
              {
                "carrier_gateway_id": "",
                "cidr_block": "0.0.0.0/0",
                "core_network_arn": "",
                "destination_prefix_list_id": "",
                "egress_only_gateway_id": "",
                "gateway_id": "",
                "ipv6_cidr_block": "",
                "local_gateway_id": "",
                "nat_gateway_id": "nat-037ece09fdcc4e3bd",
                "network_interface_id": "",
                "transit_gateway_id": "",
                "vpc_endpoint_id": "",
                "vpc_peering_connection_id": ""
              }
            ],
            "tags": {
              "Name": "private-rt-0-default"
            },
            "tags_all": {
              "Name": "private-rt-0-default"
            },
            "timeouts": null,
            "vpc_id": "vpc-08dd6caae49471466"
          },
          "sensitive_attributes": [],
          "private": "eyJlMmJmYjczMC1lY2FhLTExZTYtOGY4OC0zNDM2M2JjN2M0YzAiOnsiY3JlYXRlIjozMDAwMDAwMDAwMDAsImRlbGV0ZSI6MzAwMDAwMDAwMDAwLCJ1cGRhdGUiOjEyMDAwMDAwMDAwMH19",
          "dependencies": [
            "module.network.aws_eip.nat_eip",
            "module.network.aws_internet_gateway.igw",
            "module.network.aws_nat_gateway.nat",
            "module.network.aws_subnet.private",
            "module.network.aws_subnet.public",
            "module.network.aws_vpc.main2"
          ]
        },
        {
          "index_key": 1,
          "schema_version": 0,
          "attributes": {
            "arn": "arn:aws:ec2:us-east-1:226731664760:route-table/rtb-095ef053bd64265ee",
            "id": "rtb-095ef053bd64265ee",
            "owner_id": "226731664760",
            "propagating_vgws": [],
            "route": [
              {
                "carrier_gateway_id": "",
                "cidr_block": "0.0.0.0/0",
                "core_network_arn": "",
                "destination_prefix_list_id": "",
                "egress_only_gateway_id": "",
                "gateway_id": "",
                "ipv6_cidr_block": "",
                "local_gateway_id": "",
                "nat_gateway_id": "nat-073e5d304c38bb198",
                "network_interface_id": "",
                "transit_gateway_id": "",
                "vpc_endpoint_id": "",
                "vpc_peering_connection_id": ""
              }
            ],
            "tags": {
              "Name": "private-rt-1-default"
            },
            "tags_all": {
              "Name": "private-rt-1-default"
            },
            "timeouts": null,
            "vpc_id": "vpc-08dd6caae49471466"
          },
          "sensitive_attributes": [],
          "private": "eyJlMmJmYjczMC1lY2FhLTExZTYtOGY4OC0zNDM2M2JjN2M0YzAiOnsiY3JlYXRlIjozMDAwMDAwMDAwMDAsImRlbGV0ZSI6MzAwMDAwMDAwMDAwLCJ1cGRhdGUiOjEyMDAwMDAwMDAwMH19",
          "dependencies": [
            "module.network.aws_eip.nat_eip",
            "module.network.aws_internet_gateway.igw",
            "module.network.aws_nat_gateway.nat",
            "module.network.aws_subnet.private",
            "module.network.aws_subnet.public",
            "module.network.aws_vpc.main2"
          ]
        }
      ]
    },
    {
      "module": "module.network",
      "mode": "managed",
      "type": "aws_route_table",
      "name": "public",
      "provider": "provider[\"registry.terraform.io/hashicorp/aws\"]",
      "instances": [
        {
          "schema_version": 0,
          "attributes": {
            "arn": "arn:aws:ec2:us-east-1:226731664760:route-table/rtb-061700adacf4a6b94",
            "id": "rtb-061700adacf4a6b94",
            "owner_id": "226731664760",
            "propagating_vgws": [],
            "route": [
              {
                "carrier_gateway_id": "",
                "cidr_block": "0.0.0.0/0",
                "core_network_arn": "",
                "destination_prefix_list_id": "",
                "egress_only_gateway_id": "",
                "gateway_id": "igw-0b7c69cae12b06fc1",
                "ipv6_cidr_block": "",
                "local_gateway_id": "",
                "nat_gateway_id": "",
                "network_interface_id": "",
                "transit_gateway_id": "",
                "vpc_endpoint_id": "",
                "vpc_peering_connection_id": ""
              }
            ],
            "tags": {
              "Name": "public-rt-default"
            },
            "tags_all": {
              "Name": "public-rt-default"
            },
            "timeouts": null,
            "vpc_id": "vpc-08dd6caae49471466"
          },
          "sensitive_attributes": [],
          "private": "eyJlMmJmYjczMC1lY2FhLTExZTYtOGY4OC0zNDM2M2JjN2M0YzAiOnsiY3JlYXRlIjozMDAwMDAwMDAwMDAsImRlbGV0ZSI6MzAwMDAwMDAwMDAwLCJ1cGRhdGUiOjEyMDAwMDAwMDAwMH19",
          "dependencies": [
            "module.network.aws_internet_gateway.igw",
            "module.network.aws_subnet.public",
            "module.network.aws_vpc.main2"
          ]
        }
      ]
    },
    {
      "module": "module.network",
      "mode": "managed",
      "type": "aws_route_table_association",
      "name": "private",
      "provider": "provider[\"registry.terraform.io/hashicorp/aws\"]",
      "instances": [
        {
          "index_key": 0,
          "schema_version": 0,
          "attributes": {
            "gateway_id": "",
            "id": "rtbassoc-08e3e79cb85b133cb",
            "route_table_id": "rtb-0540ee22f6e20b147",
            "subnet_id": "subnet-05d5842a30c57e1cf",
            "timeouts": null
          },
          "sensitive_attributes": [],
          "private": "eyJlMmJmYjczMC1lY2FhLTExZTYtOGY4OC0zNDM2M2JjN2M0YzAiOnsiY3JlYXRlIjozMDAwMDAwMDAwMDAsImRlbGV0ZSI6MzAwMDAwMDAwMDAwLCJ1cGRhdGUiOjEyMDAwMDAwMDAwMH19",
          "dependencies": [
            "module.network.aws_eip.nat_eip",
            "module.network.aws_internet_gateway.igw",
            "module.network.aws_nat_gateway.nat",
            "module.network.aws_route_table.private",
            "module.network.aws_subnet.private",
            "module.network.aws_subnet.public",
            "module.network.aws_vpc.main2"
          ]
        },
        {
          "index_key": 1,
          "schema_version": 0,
          "attributes": {
            "gateway_id": "",
            "id": "rtbassoc-07918b1634c15ea7e",
            "route_table_id": "rtb-095ef053bd64265ee",
            "subnet_id": "subnet-0cb467fe83daec4ad",
            "timeouts": null
          },
          "sensitive_attributes": [],
          "private": "eyJlMmJmYjczMC1lY2FhLTExZTYtOGY4OC0zNDM2M2JjN2M0YzAiOnsiY3JlYXRlIjozMDAwMDAwMDAwMDAsImRlbGV0ZSI6MzAwMDAwMDAwMDAwLCJ1cGRhdGUiOjEyMDAwMDAwMDAwMH19",
          "dependencies": [
            "module.network.aws_eip.nat_eip",
            "module.network.aws_internet_gateway.igw",
            "module.network.aws_nat_gateway.nat",
            "module.network.aws_route_table.private",
            "module.network.aws_subnet.private",
            "module.network.aws_subnet.public",
            "module.network.aws_vpc.main2"
          ]
        }
      ]
    },
    {
      "module": "module.network",
      "mode": "managed",
      "type": "aws_route_table_association",
      "name": "public",
      "provider": "provider[\"registry.terraform.io/hashicorp/aws\"]",
      "instances": [
        {
          "index_key": 0,
          "schema_version": 0,
          "attributes": {
            "gateway_id": "",
            "id": "rtbassoc-0d72e781cd6b6c5e6",
            "route_table_id": "rtb-061700adacf4a6b94",
            "subnet_id": "subnet-00f43d4baed7bd8e6",
            "timeouts": null
          },
          "sensitive_attributes": [],
          "private": "eyJlMmJmYjczMC1lY2FhLTExZTYtOGY4OC0zNDM2M2JjN2M0YzAiOnsiY3JlYXRlIjozMDAwMDAwMDAwMDAsImRlbGV0ZSI6MzAwMDAwMDAwMDAwLCJ1cGRhdGUiOjEyMDAwMDAwMDAwMH19",
          "dependencies": [
            "module.network.aws_internet_gateway.igw",
            "module.network.aws_route_table.public",
            "module.network.aws_subnet.public",
            "module.network.aws_vpc.main2"
          ]
        },
        {
          "index_key": 1,
          "schema_version": 0,
          "attributes": {
            "gateway_id": "",
            "id": "rtbassoc-05763c698ff48d8f4",
            "route_table_id": "rtb-061700adacf4a6b94",
            "subnet_id": "subnet-0ce26f76c7d79e960",
            "timeouts": null
          },
          "sensitive_attributes": [],
          "private": "eyJlMmJmYjczMC1lY2FhLTExZTYtOGY4OC0zNDM2M2JjN2M0YzAiOnsiY3JlYXRlIjozMDAwMDAwMDAwMDAsImRlbGV0ZSI6MzAwMDAwMDAwMDAwLCJ1cGRhdGUiOjEyMDAwMDAwMDAwMH19",
          "dependencies": [
            "module.network.aws_internet_gateway.igw",
            "module.network.aws_route_table.public",
            "module.network.aws_subnet.public",
            "module.network.aws_vpc.main2"
          ]
        }
      ]
    },
    {
      "module": "module.network",
      "mode": "managed",
      "type": "aws_security_group",
      "name": "private_sg",
      "provider": "provider[\"registry.terraform.io/hashicorp/aws\"]",
      "instances": [
        {
          "schema_version": 1,
          "attributes": {
            "arn": "arn:aws:ec2:us-east-1:226731664760:security-group/sg-0fa48b430c9f6cd27",
            "description": "Allow private access",
            "egress": [],
            "id": "sg-0fa48b430c9f6cd27",
            "ingress": [
              {
                "cidr_blocks": [
                  "10.0.1.0/24"
                ],
                "description": "",
                "from_port": 6379,
                "ipv6_cidr_blocks": [],
                "prefix_list_ids": [],
                "protocol": "tcp",
                "security_groups": [],
                "self": false,
                "to_port": 6379
              },
              {
                "cidr_blocks": [],
                "description": "",
                "from_port": 379,
                "ipv6_cidr_blocks": [],
                "prefix_list_ids": [],
                "protocol": "udp",
                "security_groups": [
                  "sg-05493bf00a7a71c92"
                ],
                "self": false,
                "to_port": 6379
              }
            ],
            "name": "private-sg",
            "name_prefix": "",
            "owner_id": "226731664760",
            "revoke_rules_on_delete": false,
            "tags": {
              "Name": "web-sg"
            },
            "tags_all": {
              "Name": "web-sg"
            },
            "timeouts": null,
            "vpc_id": "vpc-08dd6caae49471466"
          },
          "sensitive_attributes": [],
          "private": "eyJlMmJmYjczMC1lY2FhLTExZTYtOGY4OC0zNDM2M2JjN2M0YzAiOnsiY3JlYXRlIjo2MDAwMDAwMDAwMDAsImRlbGV0ZSI6OTAwMDAwMDAwMDAwfSwic2NoZW1hX3ZlcnNpb24iOiIxIn0=",
          "dependencies": [
            "module.network.aws_subnet.private",
            "module.network.aws_vpc.main2"
          ]
        }
      ]
    },
    {
      "module": "module.network",
      "mode": "managed",
      "type": "aws_security_group",
      "name": "public_sg",
      "provider": "provider[\"registry.terraform.io/hashicorp/aws\"]",
      "instances": [
        {
          "schema_version": 1,
          "attributes": {
            "arn": "arn:aws:ec2:us-east-1:226731664760:security-group/sg-05493bf00a7a71c92",
            "description": "Allow HTTP and SSH",
            "egress": [],
            "id": "sg-05493bf00a7a71c92",
            "ingress": [
              {
                "cidr_blocks": [
                  "0.0.0.0/0"
                ],
                "description": "",
                "from_port": 443,
                "ipv6_cidr_blocks": [],
                "prefix_list_ids": [],
                "protocol": "tcp",
                "security_groups": [],
                "self": false,
                "to_port": 443
              },
              {
                "cidr_blocks": [
                  "0.0.0.0/0"
                ],
                "description": "",
                "from_port": 80,
                "ipv6_cidr_blocks": [],
                "prefix_list_ids": [],
                "protocol": "tcp",
                "security_groups": [],
                "self": false,
                "to_port": 80
              },
              {
                "cidr_blocks": [],
                "description": "",
                "from_port": 230,
                "ipv6_cidr_blocks": [],
                "prefix_list_ids": [],
                "protocol": "udp",
                "security_groups": [
                  "sg-0fa48b430c9f6cd27"
                ],
                "self": false,
                "to_port": 230
              }
            ],
            "name": "public-sg",
            "name_prefix": "",
            "owner_id": "226731664760",
            "revoke_rules_on_delete": false,
            "tags": {
              "Name": "web-sg"
            },
            "tags_all": {
              "Name": "web-sg"
            },
            "timeouts": null,
            "vpc_id": "vpc-08dd6caae49471466"
          },
          "sensitive_attributes": [],
          "private": "eyJlMmJmYjczMC1lY2FhLTExZTYtOGY4OC0zNDM2M2JjN2M0YzAiOnsiY3JlYXRlIjo2MDAwMDAwMDAwMDAsImRlbGV0ZSI6OTAwMDAwMDAwMDAwfSwic2NoZW1hX3ZlcnNpb24iOiIxIn0=",
          "dependencies": [
            "module.network.aws_subnet.public",
            "module.network.aws_vpc.main2"
          ]
        }
      ]
    },
    {
      "module": "module.network",
      "mode": "managed",
      "type": "aws_security_group_rule",
      "name": "private_sg_rules",
      "provider": "provider[\"registry.terraform.io/hashicorp/aws\"]",
      "instances": [
        {
          "index_key": "3",
          "schema_version": 2,
          "attributes": {
            "cidr_blocks": [
              "10.0.1.0/24"
            ],
            "description": null,
            "from_port": 6379,
            "id": "sgrule-2562957693",
            "ipv6_cidr_blocks": null,
            "prefix_list_ids": null,
            "protocol": "tcp",
            "security_group_id": "sg-0fa48b430c9f6cd27",
            "security_group_rule_id": "sgr-04cafb8b9a55b8d6a",
            "self": false,
            "source_security_group_id": null,
            "timeouts": null,
            "to_port": 6379,
            "type": "ingress"
          },
          "sensitive_attributes": [],
          "private": "eyJlMmJmYjczMC1lY2FhLTExZTYtOGY4OC0zNDM2M2JjN2M0YzAiOnsiY3JlYXRlIjozMDAwMDAwMDAwMDB9LCJzY2hlbWFfdmVyc2lvbiI6IjIifQ==",
          "dependencies": [
            "module.network.aws_security_group.private_sg",
            "module.network.aws_security_group.public_sg",
            "module.network.aws_subnet.private",
            "module.network.aws_subnet.public",
            "module.network.aws_vpc.main2"
          ]
        },
        {
          "index_key": "4",
          "schema_version": 2,
          "attributes": {
            "cidr_blocks": null,
            "description": null,
            "from_port": 379,
            "id": "sgrule-946420741",
            "ipv6_cidr_blocks": null,
            "prefix_list_ids": null,
            "protocol": "udp",
            "security_group_id": "sg-0fa48b430c9f6cd27",
            "security_group_rule_id": "sgr-063b59464e52e7b13",
            "self": false,
            "source_security_group_id": "sg-05493bf00a7a71c92",
            "timeouts": null,
            "to_port": 6379,
            "type": "ingress"
          },
          "sensitive_attributes": [],
          "private": "eyJlMmJmYjczMC1lY2FhLTExZTYtOGY4OC0zNDM2M2JjN2M0YzAiOnsiY3JlYXRlIjozMDAwMDAwMDAwMDB9LCJzY2hlbWFfdmVyc2lvbiI6IjIifQ==",
          "dependencies": [
            "module.network.aws_security_group.private_sg",
            "module.network.aws_security_group.public_sg",
            "module.network.aws_subnet.private",
            "module.network.aws_subnet.public",
            "module.network.aws_vpc.main2"
          ]
        }
      ]
    },
    {
      "module": "module.network",
      "mode": "managed",
      "type": "aws_security_group_rule",
      "name": "public_sg_rules",
      "provider": "provider[\"registry.terraform.io/hashicorp/aws\"]",
      "instances": [
        {
          "index_key": "0",
          "schema_version": 2,
          "attributes": {
            "cidr_blocks": [
              "0.0.0.0/0"
            ],
            "description": null,
            "from_port": 80,
            "id": "sgrule-2051167810",
            "ipv6_cidr_blocks": null,
            "prefix_list_ids": null,
            "protocol": "tcp",
            "security_group_id": "sg-05493bf00a7a71c92",
            "security_group_rule_id": "sgr-0ce5f82673a99109e",
            "self": false,
            "source_security_group_id": null,
            "timeouts": null,
            "to_port": 80,
            "type": "ingress"
          },
          "sensitive_attributes": [],
          "private": "eyJlMmJmYjczMC1lY2FhLTExZTYtOGY4OC0zNDM2M2JjN2M0YzAiOnsiY3JlYXRlIjozMDAwMDAwMDAwMDB9LCJzY2hlbWFfdmVyc2lvbiI6IjIifQ==",
          "dependencies": [
            "module.network.aws_security_group.private_sg",
            "module.network.aws_security_group.public_sg",
            "module.network.aws_subnet.private",
            "module.network.aws_subnet.public",
            "module.network.aws_vpc.main2"
          ]
        },
        {
          "index_key": "1",
          "schema_version": 2,
          "attributes": {
            "cidr_blocks": [
              "0.0.0.0/0"
            ],
            "description": null,
            "from_port": 443,
            "id": "sgrule-3865362934",
            "ipv6_cidr_blocks": null,
            "prefix_list_ids": null,
            "protocol": "tcp",
            "security_group_id": "sg-05493bf00a7a71c92",
            "security_group_rule_id": "sgr-0d7a394d6190afeb7",
            "self": false,
            "source_security_group_id": null,
            "timeouts": null,
            "to_port": 443,
            "type": "ingress"
          },
          "sensitive_attributes": [],
          "private": "eyJlMmJmYjczMC1lY2FhLTExZTYtOGY4OC0zNDM2M2JjN2M0YzAiOnsiY3JlYXRlIjozMDAwMDAwMDAwMDB9LCJzY2hlbWFfdmVyc2lvbiI6IjIifQ==",
          "dependencies": [
            "module.network.aws_security_group.private_sg",
            "module.network.aws_security_group.public_sg",
            "module.network.aws_subnet.private",
            "module.network.aws_subnet.public",
            "module.network.aws_vpc.main2"
          ]
        },
        {
          "index_key": "2",
          "schema_version": 2,
          "attributes": {
            "cidr_blocks": null,
            "description": null,
            "from_port": 230,
            "id": "sgrule-2699856534",
            "ipv6_cidr_blocks": null,
            "prefix_list_ids": null,
            "protocol": "udp",
            "security_group_id": "sg-05493bf00a7a71c92",
            "security_group_rule_id": "sgr-005414b2897834809",
            "self": false,
            "source_security_group_id": "sg-0fa48b430c9f6cd27",
            "timeouts": null,
            "to_port": 230,
            "type": "ingress"
          },
          "sensitive_attributes": [],
          "private": "eyJlMmJmYjczMC1lY2FhLTExZTYtOGY4OC0zNDM2M2JjN2M0YzAiOnsiY3JlYXRlIjozMDAwMDAwMDAwMDB9LCJzY2hlbWFfdmVyc2lvbiI6IjIifQ==",
          "dependencies": [
            "module.network.aws_security_group.private_sg",
            "module.network.aws_security_group.public_sg",
            "module.network.aws_subnet.private",
            "module.network.aws_subnet.public",
            "module.network.aws_vpc.main2"
          ]
        }
      ]
    },
    {
      "module": "module.network",
      "mode": "managed",
      "type": "aws_subnet",
      "name": "private",
      "provider": "provider[\"registry.terraform.io/hashicorp/aws\"]",
      "instances": [
        {
          "index_key": 0,
          "schema_version": 1,
          "attributes": {
            "arn": "arn:aws:ec2:us-east-1:226731664760:subnet/subnet-05d5842a30c57e1cf",
            "assign_ipv6_address_on_creation": false,
            "availability_zone": "us-east-1a",
            "availability_zone_id": "use1-az6",
            "cidr_block": "10.0.3.0/24",
            "customer_owned_ipv4_pool": "",
            "enable_dns64": false,
            "enable_lni_at_device_index": 0,
            "enable_resource_name_dns_a_record_on_launch": false,
            "enable_resource_name_dns_aaaa_record_on_launch": false,
            "id": "subnet-05d5842a30c57e1cf",
            "ipv6_cidr_block": "",
            "ipv6_cidr_block_association_id": "",
            "ipv6_native": false,
            "map_customer_owned_ip_on_launch": false,
            "map_public_ip_on_launch": false,
            "outpost_arn": "",
            "owner_id": "226731664760",
            "private_dns_hostname_type_on_launch": "ip-name",
            "tags": {
              "Name": "private-subnet-1-default"
            },
            "tags_all": {
              "Name": "private-subnet-1-default"
            },
            "timeouts": null,
            "vpc_id": "vpc-08dd6caae49471466"
          },
          "sensitive_attributes": [],
          "private": "eyJlMmJmYjczMC1lY2FhLTExZTYtOGY4OC0zNDM2M2JjN2M0YzAiOnsiY3JlYXRlIjo2MDAwMDAwMDAwMDAsImRlbGV0ZSI6MTIwMDAwMDAwMDAwMH0sInNjaGVtYV92ZXJzaW9uIjoiMSJ9",
          "dependencies": [
            "module.network.aws_vpc.main2"
          ]
        },
        {
          "index_key": 1,
          "schema_version": 1,
          "attributes": {
            "arn": "arn:aws:ec2:us-east-1:226731664760:subnet/subnet-0cb467fe83daec4ad",
            "assign_ipv6_address_on_creation": false,
            "availability_zone": "us-east-1b",
            "availability_zone_id": "use1-az1",
            "cidr_block": "10.0.4.0/24",
            "customer_owned_ipv4_pool": "",
            "enable_dns64": false,
            "enable_lni_at_device_index": 0,
            "enable_resource_name_dns_a_record_on_launch": false,
            "enable_resource_name_dns_aaaa_record_on_launch": false,
            "id": "subnet-0cb467fe83daec4ad",
            "ipv6_cidr_block": "",
            "ipv6_cidr_block_association_id": "",
            "ipv6_native": false,
            "map_customer_owned_ip_on_launch": false,
            "map_public_ip_on_launch": false,
            "outpost_arn": "",
            "owner_id": "226731664760",
            "private_dns_hostname_type_on_launch": "ip-name",
            "tags": {
              "Name": "private-subnet-2-default"
            },
            "tags_all": {
              "Name": "private-subnet-2-default"
            },
            "timeouts": null,
            "vpc_id": "vpc-08dd6caae49471466"
          },
          "sensitive_attributes": [],
          "private": "eyJlMmJmYjczMC1lY2FhLTExZTYtOGY4OC0zNDM2M2JjN2M0YzAiOnsiY3JlYXRlIjo2MDAwMDAwMDAwMDAsImRlbGV0ZSI6MTIwMDAwMDAwMDAwMH0sInNjaGVtYV92ZXJzaW9uIjoiMSJ9",
          "dependencies": [
            "module.network.aws_vpc.main2"
          ]
        }
      ]
    },
    {
      "module": "module.network",
      "mode": "managed",
      "type": "aws_subnet",
      "name": "public",
      "provider": "provider[\"registry.terraform.io/hashicorp/aws\"]",
      "instances": [
        {
          "index_key": 0,
          "schema_version": 1,
          "attributes": {
            "arn": "arn:aws:ec2:us-east-1:226731664760:subnet/subnet-00f43d4baed7bd8e6",
            "assign_ipv6_address_on_creation": false,
            "availability_zone": "us-east-1a",
            "availability_zone_id": "use1-az6",
            "cidr_block": "10.0.1.0/24",
            "customer_owned_ipv4_pool": "",
            "enable_dns64": false,
            "enable_lni_at_device_index": 0,
            "enable_resource_name_dns_a_record_on_launch": false,
            "enable_resource_name_dns_aaaa_record_on_launch": false,
            "id": "subnet-00f43d4baed7bd8e6",
            "ipv6_cidr_block": "",
            "ipv6_cidr_block_association_id": "",
            "ipv6_native": false,
            "map_customer_owned_ip_on_launch": false,
            "map_public_ip_on_launch": true,
            "outpost_arn": "",
            "owner_id": "226731664760",
            "private_dns_hostname_type_on_launch": "ip-name",
            "tags": {
              "Name": "public-subnet-1-default"
            },
            "tags_all": {
              "Name": "public-subnet-1-default"
            },
            "timeouts": null,
            "vpc_id": "vpc-08dd6caae49471466"
          },
          "sensitive_attributes": [],
          "private": "eyJlMmJmYjczMC1lY2FhLTExZTYtOGY4OC0zNDM2M2JjN2M0YzAiOnsiY3JlYXRlIjo2MDAwMDAwMDAwMDAsImRlbGV0ZSI6MTIwMDAwMDAwMDAwMH0sInNjaGVtYV92ZXJzaW9uIjoiMSJ9",
          "dependencies": [
            "module.network.aws_vpc.main2"
          ]
        },
        {
          "index_key": 1,
          "schema_version": 1,
          "attributes": {
            "arn": "arn:aws:ec2:us-east-1:226731664760:subnet/subnet-0ce26f76c7d79e960",
            "assign_ipv6_address_on_creation": false,
            "availability_zone": "us-east-1b",
            "availability_zone_id": "use1-az1",
            "cidr_block": "10.0.2.0/24",
            "customer_owned_ipv4_pool": "",
            "enable_dns64": false,
            "enable_lni_at_device_index": 0,
            "enable_resource_name_dns_a_record_on_launch": false,
            "enable_resource_name_dns_aaaa_record_on_launch": false,
            "id": "subnet-0ce26f76c7d79e960",
            "ipv6_cidr_block": "",
            "ipv6_cidr_block_association_id": "",
            "ipv6_native": false,
            "map_customer_owned_ip_on_launch": false,
            "map_public_ip_on_launch": true,
            "outpost_arn": "",
            "owner_id": "226731664760",
            "private_dns_hostname_type_on_launch": "ip-name",
            "tags": {
              "Name": "public-subnet-2-default"
            },
            "tags_all": {
              "Name": "public-subnet-2-default"
            },
            "timeouts": null,
            "vpc_id": "vpc-08dd6caae49471466"
          },
          "sensitive_attributes": [],
          "private": "eyJlMmJmYjczMC1lY2FhLTExZTYtOGY4OC0zNDM2M2JjN2M0YzAiOnsiY3JlYXRlIjo2MDAwMDAwMDAwMDAsImRlbGV0ZSI6MTIwMDAwMDAwMDAwMH0sInNjaGVtYV92ZXJzaW9uIjoiMSJ9",
          "dependencies": [
            "module.network.aws_vpc.main2"
          ]
        }
      ]
    },
    {
      "module": "module.network",
      "mode": "managed",
      "type": "aws_vpc",
      "name": "main2",
      "provider": "provider[\"registry.terraform.io/hashicorp/aws\"]",
      "instances": [
        {
          "schema_version": 1,
          "attributes": {
            "arn": "arn:aws:ec2:us-east-1:226731664760:vpc/vpc-08dd6caae49471466",
            "assign_generated_ipv6_cidr_block": false,
            "cidr_block": "10.0.0.0/16",
            "default_network_acl_id": "acl-001ab7f367d865e1b",
            "default_route_table_id": "rtb-0f5b7c2b54a1343a6",
            "default_security_group_id": "sg-0ca2bcb4ea10ae0e3",
            "dhcp_options_id": "dopt-07f8fbc7f225b66a5",
            "enable_dns_hostnames": false,
            "enable_dns_support": true,
            "enable_network_address_usage_metrics": false,
            "id": "vpc-08dd6caae49471466",
            "instance_tenancy": "default",
            "ipv4_ipam_pool_id": null,
            "ipv4_netmask_length": null,
            "ipv6_association_id": "",
            "ipv6_cidr_block": "",
            "ipv6_cidr_block_network_border_group": "",
            "ipv6_ipam_pool_id": "",
            "ipv6_netmask_length": 0,
            "main_route_table_id": "rtb-0f5b7c2b54a1343a6",
            "owner_id": "226731664760",
            "tags": {
              "Name": "med_vpc-default"
            },
            "tags_all": {
              "Name": "med_vpc-default"
            }
          },
          "sensitive_attributes": [],
          "private": "eyJzY2hlbWFfdmVyc2lvbiI6IjEifQ=="
        }
      ]
    }
  ],
  "check_results": [
    {
      "object_kind": "var",
      "config_addr": "module.network.var.vpc_name",
      "status": "pass",
      "objects": [
        {
          "object_addr": "module.network.var.vpc_name",
          "status": "pass"
        }
      ]
    },
    {
      "object_kind": "var",
      "config_addr": "var.vpc_name",
      "status": "pass",
      "objects": [
        {
          "object_addr": "var.vpc_name",
          "status": "pass"
        }
      ]
    }
  ]
}
